// !$*UTF8*$!
{
	archiveVersion = 1;
	classes = {
	};
	objectVersion = 55;
	objects = {

/* Begin PBXBuildFile section */
		702C1BB527F3F5F100DF9A98 /* Clash.swift in Sources */ = {isa = PBXBuildFile; fileRef = D99E3AA427EB0D8F00464266 /* Clash.swift */; };
		702C1BB627F3F5F100DF9A98 /* Clash.swift in Sources */ = {isa = PBXBuildFile; fileRef = D99E3AA427EB0D8F00464266 /* Clash.swift */; };
		702C1BB927F3F5F700DF9A98 /* UserDefaults+AppGroup.swift in Sources */ = {isa = PBXBuildFile; fileRef = D99E3AA827EB0D9000464266 /* UserDefaults+AppGroup.swift */; };
		702C1BBA27F3F5F800DF9A98 /* UserDefaults+AppGroup.swift in Sources */ = {isa = PBXBuildFile; fileRef = D99E3AA827EB0D9000464266 /* UserDefaults+AppGroup.swift */; };
		702C1BBC27F3F65200DF9A98 /* Clash+Extension.swift in Sources */ = {isa = PBXBuildFile; fileRef = 702C1BBB27F3F65200DF9A98 /* Clash+Extension.swift */; };
		702C1BBD27F3F65200DF9A98 /* Clash+Extension.swift in Sources */ = {isa = PBXBuildFile; fileRef = 702C1BBB27F3F65200DF9A98 /* Clash+Extension.swift */; };
		70BBA70F2824128100050521 /* DelayHistory.swift in Sources */ = {isa = PBXBuildFile; fileRef = 70BBA70E2824128100050521 /* DelayHistory.swift */; };
		70BBA7102824128100050521 /* DelayHistory.swift in Sources */ = {isa = PBXBuildFile; fileRef = 70BBA70E2824128100050521 /* DelayHistory.swift */; };
		70BBA7122824129600050521 /* MergedProxyData.swift in Sources */ = {isa = PBXBuildFile; fileRef = 70BBA7112824129600050521 /* MergedProxyData.swift */; };
		70BBA7132824129600050521 /* MergedProxyData.swift in Sources */ = {isa = PBXBuildFile; fileRef = 70BBA7112824129600050521 /* MergedProxyData.swift */; };
		70BBA716282412B500050521 /* ProxyViewModel.swift in Sources */ = {isa = PBXBuildFile; fileRef = 70BBA715282412B500050521 /* ProxyViewModel.swift */; };
		70BBA717282412B500050521 /* ProxyViewModel.swift in Sources */ = {isa = PBXBuildFile; fileRef = 70BBA715282412B500050521 /* ProxyViewModel.swift */; };
		70BBA719282412D400050521 /* ProviderViewModel.swift in Sources */ = {isa = PBXBuildFile; fileRef = 70BBA718282412D400050521 /* ProviderViewModel.swift */; };
		70BBA71A282412D400050521 /* ProviderViewModel.swift in Sources */ = {isa = PBXBuildFile; fileRef = 70BBA718282412D400050521 /* ProviderViewModel.swift */; };
		70BBA71C282412E700050521 /* ProviderListViewModel.swift in Sources */ = {isa = PBXBuildFile; fileRef = 70BBA71B282412E700050521 /* ProviderListViewModel.swift */; };
		70BBA71D282412E700050521 /* ProviderListViewModel.swift in Sources */ = {isa = PBXBuildFile; fileRef = 70BBA71B282412E700050521 /* ProviderListViewModel.swift */; };
		70BBA71F2824135A00050521 /* ProxyView.swift in Sources */ = {isa = PBXBuildFile; fileRef = 70BBA71E2824135A00050521 /* ProxyView.swift */; };
		70BBA7212824137900050521 /* ProxyListView.swift in Sources */ = {isa = PBXBuildFile; fileRef = 70BBA7202824137900050521 /* ProxyListView.swift */; };
		70BBA7232824139500050521 /* ProviderView.swift in Sources */ = {isa = PBXBuildFile; fileRef = 70BBA7222824139500050521 /* ProviderView.swift */; };
		70BBA725282413BC00050521 /* ProviderListView.swift in Sources */ = {isa = PBXBuildFile; fileRef = 70BBA724282413BC00050521 /* ProviderListView.swift */; };
		70BBA727282413E300050521 /* ProviderListContainerView.swift in Sources */ = {isa = PBXBuildFile; fileRef = 70BBA726282413E300050521 /* ProviderListContainerView.swift */; };
		70BBA729282413FD00050521 /* PlaceholderView.swift in Sources */ = {isa = PBXBuildFile; fileRef = 70BBA728282413FD00050521 /* PlaceholderView.swift */; };
		D90289D1281905C700FEB376 /* Tab.swift in Sources */ = {isa = PBXBuildFile; fileRef = D90289D0281905C600FEB376 /* Tab.swift */; };
		D90289D328192BD600FEB376 /* ConnectionStatusView.swift in Sources */ = {isa = PBXBuildFile; fileRef = D90289D228192BD600FEB376 /* ConnectionStatusView.swift */; };
		D90289D528192BF800FEB376 /* ConnectionDurationView.swift in Sources */ = {isa = PBXBuildFile; fileRef = D90289D428192BF800FEB376 /* ConnectionDurationView.swift */; };
		D90289D728192C4F00FEB376 /* StatusView.swift in Sources */ = {isa = PBXBuildFile; fileRef = D90289D628192C4F00FEB376 /* StatusView.swift */; };
		D90289D92819310300FEB376 /* HomeView.swift in Sources */ = {isa = PBXBuildFile; fileRef = D90289D82819310300FEB376 /* HomeView.swift */; };
		D90289DF28194F8A00FEB376 /* PanelView.swift in Sources */ = {isa = PBXBuildFile; fileRef = D90289DE28194F8A00FEB376 /* PanelView.swift */; };
		D90289E4281A4F2300FEB376 /* SplitViewControllerInspector.swift in Sources */ = {isa = PBXBuildFile; fileRef = D90289E3281A4F2300FEB376 /* SplitViewControllerInspector.swift */; };
		D90289E6281A4F6C00FEB376 /* ConfigSwitchView.swift in Sources */ = {isa = PBXBuildFile; fileRef = D90289E5281A4F6C00FEB376 /* ConfigSwitchView.swift */; };
		D90289EC281A91E700FEB376 /* Theme.swift in Sources */ = {isa = PBXBuildFile; fileRef = D90289EB281A91E700FEB376 /* Theme.swift */; };
		D90CBF7E2824D96000482684 /* PlaceholderView.swift in Sources */ = {isa = PBXBuildFile; fileRef = 70BBA728282413FD00050521 /* PlaceholderView.swift */; };
		D90CBF7F2824D97500482684 /* PanelView.swift in Sources */ = {isa = PBXBuildFile; fileRef = D90289DE28194F8A00FEB376 /* PanelView.swift */; };
		D90CBF802824DA0700482684 /* ProviderListContainerView.swift in Sources */ = {isa = PBXBuildFile; fileRef = 70BBA726282413E300050521 /* ProviderListContainerView.swift */; };
		D90CBF812824DA2500482684 /* ProviderListView.swift in Sources */ = {isa = PBXBuildFile; fileRef = 70BBA724282413BC00050521 /* ProviderListView.swift */; };
		D90CBF822824DCAD00482684 /* ProviderView.swift in Sources */ = {isa = PBXBuildFile; fileRef = 70BBA7222824139500050521 /* ProviderView.swift */; };
		D90CBF832824DD2600482684 /* ProxyListView.swift in Sources */ = {isa = PBXBuildFile; fileRef = 70BBA7202824137900050521 /* ProxyListView.swift */; };
		D90CBF842824DD8E00482684 /* ProxyView.swift in Sources */ = {isa = PBXBuildFile; fileRef = 70BBA71E2824135A00050521 /* ProxyView.swift */; };
		D90CBF862824FFE500482684 /* PatchData.swift in Sources */ = {isa = PBXBuildFile; fileRef = D90CBF852824FFE500482684 /* PatchData.swift */; };
		D90CBF872824FFE500482684 /* PatchData.swift in Sources */ = {isa = PBXBuildFile; fileRef = D90CBF852824FFE500482684 /* PatchData.swift */; };
		D927037F27EC5CEA00E61944 /* GEOIPDatabaseManager.swift in Sources */ = {isa = PBXBuildFile; fileRef = D927037E27EC5CEA00E61944 /* GEOIPDatabaseManager.swift */; };
		D927038027EC5CEA00E61944 /* GEOIPDatabaseManager.swift in Sources */ = {isa = PBXBuildFile; fileRef = D927037E27EC5CEA00E61944 /* GEOIPDatabaseManager.swift */; };
		D927039927ED540500E61944 /* ManagedObjectFetchView.swift in Sources */ = {isa = PBXBuildFile; fileRef = D99E3B0627EB110C00464266 /* ManagedObjectFetchView.swift */; };
		D927039A27ED541800E61944 /* ModalPresentationLink.swift in Sources */ = {isa = PBXBuildFile; fileRef = D99E3B0227EB110A00464266 /* ModalPresentationLink.swift */; };
		D927039B27ED542200E61944 /* NSManagedObjectContext+File.swift in Sources */ = {isa = PBXBuildFile; fileRef = D99E3B0327EB110B00464266 /* NSManagedObjectContext+File.swift */; };
		D942D01B27EDBD4600A864AC /* PacketTunnelProvider+ClashKit.swift in Sources */ = {isa = PBXBuildFile; fileRef = D942D01A27EDBD4600A864AC /* PacketTunnelProvider+ClashKit.swift */; };
		D942D01C27EDBD4600A864AC /* PacketTunnelProvider+ClashKit.swift in Sources */ = {isa = PBXBuildFile; fileRef = D942D01A27EDBD4600A864AC /* PacketTunnelProvider+ClashKit.swift */; };
		D944F5662815282800DF0BBE /* ActivityView.swift in Sources */ = {isa = PBXBuildFile; fileRef = D944F5652815281F00DF0BBE /* ActivityView.swift */; };
		D9864986282369460092E86E /* SettingView.swift in Sources */ = {isa = PBXBuildFile; fileRef = D998B60F27F01F28004625FF /* SettingView.swift */; };
		D9864989282379810092E86E /* ThemeView.swift in Sources */ = {isa = PBXBuildFile; fileRef = D9864987282379810092E86E /* ThemeView.swift */; };
		D986498B28237A870092E86E /* DestructiveView.swift in Sources */ = {isa = PBXBuildFile; fileRef = D986498A28237A870092E86E /* DestructiveView.swift */; };
		D986498C28237A870092E86E /* DestructiveView.swift in Sources */ = {isa = PBXBuildFile; fileRef = D986498A28237A870092E86E /* DestructiveView.swift */; };
		D986498E28237B260092E86E /* TranslationView.swift in Sources */ = {isa = PBXBuildFile; fileRef = D986498D28237B260092E86E /* TranslationView.swift */; };
		D986498F28237B260092E86E /* TranslationView.swift in Sources */ = {isa = PBXBuildFile; fileRef = D986498D28237B260092E86E /* TranslationView.swift */; };
		D986499128237BA00092E86E /* LogLevelView.swift in Sources */ = {isa = PBXBuildFile; fileRef = D986499028237BA00092E86E /* LogLevelView.swift */; };
		D986499228237BA00092E86E /* LogLevelView.swift in Sources */ = {isa = PBXBuildFile; fileRef = D986499028237BA00092E86E /* LogLevelView.swift */; };
		D98FB9F9282615FF00EFBE8F /* AdapterType.swift in Sources */ = {isa = PBXBuildFile; fileRef = D98FB9F8282615FF00EFBE8F /* AdapterType.swift */; };
		D98FB9FA282615FF00EFBE8F /* AdapterType.swift in Sources */ = {isa = PBXBuildFile; fileRef = D98FB9F8282615FF00EFBE8F /* AdapterType.swift */; };
		D98FBA002826523700EFBE8F /* ContentView.swift in Sources */ = {isa = PBXBuildFile; fileRef = D9B1B4E627EAF72B007EE597 /* ContentView.swift */; };
		D98FBA0328265A8D00EFBE8F /* ConnectionDurationView.swift in Sources */ = {isa = PBXBuildFile; fileRef = D90289D428192BF800FEB376 /* ConnectionDurationView.swift */; };
		D98FBA04282668F900EFBE8F /* TrafficView.swift in Sources */ = {isa = PBXBuildFile; fileRef = D998B60927F00F8F004625FF /* TrafficView.swift */; };
		D98FBA0528266B4000EFBE8F /* TunnelModeView.swift in Sources */ = {isa = PBXBuildFile; fileRef = D998B60727F00F69004625FF /* TunnelModeView.swift */; };
		D98FBA0628266F7E00EFBE8F /* InstallView.swift in Sources */ = {isa = PBXBuildFile; fileRef = D998B60B27F01A4F004625FF /* InstallView.swift */; };
		D98FBA07282671B600EFBE8F /* ControlView.swift in Sources */ = {isa = PBXBuildFile; fileRef = D998B60D27F01A70004625FF /* ControlView.swift */; };
		D98FBA08282673AB00EFBE8F /* ConnectionStatusView.swift in Sources */ = {isa = PBXBuildFile; fileRef = D90289D228192BD600FEB376 /* ConnectionStatusView.swift */; };
		D98FBA09282675BA00EFBE8F /* ConfigSwitchView.swift in Sources */ = {isa = PBXBuildFile; fileRef = D90289E5281A4F6C00FEB376 /* ConfigSwitchView.swift */; };
		D98FBA0A282677D000EFBE8F /* HomeView.swift in Sources */ = {isa = PBXBuildFile; fileRef = D90289D82819310300FEB376 /* HomeView.swift */; };
		D98FBA0D28290AD100EFBE8F /* ConfigRenameView.swift in Sources */ = {isa = PBXBuildFile; fileRef = D98FBA0C28290AD100EFBE8F /* ConfigRenameView.swift */; };
		D98FBA1128290B1600EFBE8F /* ConfigListView.swift in Sources */ = {isa = PBXBuildFile; fileRef = D98FBA1028290B1600EFBE8F /* ConfigListView.swift */; };
		D98FBA1328290B4300EFBE8F /* ConfigListViewModel.swift in Sources */ = {isa = PBXBuildFile; fileRef = D98FBA1228290B4300EFBE8F /* ConfigListViewModel.swift */; };
		D98FBA1628290B8300EFBE8F /* ExportItem.swift in Sources */ = {isa = PBXBuildFile; fileRef = D98FBA1528290B8300EFBE8F /* ExportItem.swift */; };
		D98FBA1828290BC300EFBE8F /* UTType+YAML.swift in Sources */ = {isa = PBXBuildFile; fileRef = D98FBA1728290BC300EFBE8F /* UTType+YAML.swift */; };
		D98FBA1928290BC300EFBE8F /* UTType+YAML.swift in Sources */ = {isa = PBXBuildFile; fileRef = D98FBA1728290BC300EFBE8F /* UTType+YAML.swift */; };
		D98FBA1B28290C0B00EFBE8F /* ConfigDownloadViewModel.swift in Sources */ = {isa = PBXBuildFile; fileRef = D98FBA1A28290C0B00EFBE8F /* ConfigDownloadViewModel.swift */; };
		D98FBA1D28290DC900EFBE8F /* ExportItem.swift in Sources */ = {isa = PBXBuildFile; fileRef = D98FBA1528290B8300EFBE8F /* ExportItem.swift */; };
		D98FBA1E28290DCD00EFBE8F /* ConfigListViewModel.swift in Sources */ = {isa = PBXBuildFile; fileRef = D98FBA1228290B4300EFBE8F /* ConfigListViewModel.swift */; };
		D98FBA1F28290DD000EFBE8F /* ConfigDownloadViewModel.swift in Sources */ = {isa = PBXBuildFile; fileRef = D98FBA1A28290C0B00EFBE8F /* ConfigDownloadViewModel.swift */; };
		D98FBA2028290DD300EFBE8F /* ConfigListView.swift in Sources */ = {isa = PBXBuildFile; fileRef = D98FBA1028290B1600EFBE8F /* ConfigListView.swift */; };
		D98FBA2128290DD600EFBE8F /* ConfigImportButton.swift in Sources */ = {isa = PBXBuildFile; fileRef = D99E3AD227EB10B800464266 /* ConfigImportButton.swift */; };
		D98FBA2228290DD900EFBE8F /* ConfigRenameView.swift in Sources */ = {isa = PBXBuildFile; fileRef = D98FBA0C28290AD100EFBE8F /* ConfigRenameView.swift */; };
		D98FBA2328290DDC00EFBE8F /* ConfigDownloadView.swift in Sources */ = {isa = PBXBuildFile; fileRef = D99E3AD127EB10B800464266 /* ConfigDownloadView.swift */; };
		D98FBA25282920AD00EFBE8F /* YAMLFile.swift in Sources */ = {isa = PBXBuildFile; fileRef = D98FBA24282920AD00EFBE8F /* YAMLFile.swift */; };
		D98FBA26282920AD00EFBE8F /* YAMLFile.swift in Sources */ = {isa = PBXBuildFile; fileRef = D98FBA24282920AD00EFBE8F /* YAMLFile.swift */; };
		D98FED8C282A64C5008C73C3 /* SelectableGroupBoxStyle.swift in Sources */ = {isa = PBXBuildFile; fileRef = D98FED8B282A64C5008C73C3 /* SelectableGroupBoxStyle.swift */; };
		D998B60427F00F23004625FF /* SideBarView.swift in Sources */ = {isa = PBXBuildFile; fileRef = D998B60327F00F23004625FF /* SideBarView.swift */; };
		D998B60827F00F69004625FF /* TunnelModeView.swift in Sources */ = {isa = PBXBuildFile; fileRef = D998B60727F00F69004625FF /* TunnelModeView.swift */; };
		D998B60A27F00F8F004625FF /* TrafficView.swift in Sources */ = {isa = PBXBuildFile; fileRef = D998B60927F00F8F004625FF /* TrafficView.swift */; };
		D998B60C27F01A4F004625FF /* InstallView.swift in Sources */ = {isa = PBXBuildFile; fileRef = D998B60B27F01A4F004625FF /* InstallView.swift */; };
		D998B60E27F01A70004625FF /* ControlView.swift in Sources */ = {isa = PBXBuildFile; fileRef = D998B60D27F01A70004625FF /* ControlView.swift */; };
		D998B61027F01F28004625FF /* SettingView.swift in Sources */ = {isa = PBXBuildFile; fileRef = D998B60F27F01F28004625FF /* SettingView.swift */; };
		D99E3A9D27EB0CFE00464266 /* ClashKit in Frameworks */ = {isa = PBXBuildFile; productRef = D99E3A9C27EB0CFE00464266 /* ClashKit */; };
		D99E3A9F27EB0D0D00464266 /* ClashKit in Frameworks */ = {isa = PBXBuildFile; productRef = D99E3A9E27EB0D0D00464266 /* ClashKit */; };
		D99E3AB127EB0D9000464266 /* Clash.swift in Sources */ = {isa = PBXBuildFile; fileRef = D99E3AA427EB0D8F00464266 /* Clash.swift */; };
		D99E3AB227EB0D9000464266 /* Clash.swift in Sources */ = {isa = PBXBuildFile; fileRef = D99E3AA427EB0D8F00464266 /* Clash.swift */; };
		D99E3AC127EB0D9100464266 /* UserDefaults+AppGroup.swift in Sources */ = {isa = PBXBuildFile; fileRef = D99E3AA827EB0D9000464266 /* UserDefaults+AppGroup.swift */; };
		D99E3AC227EB0D9100464266 /* UserDefaults+AppGroup.swift in Sources */ = {isa = PBXBuildFile; fileRef = D99E3AA827EB0D9000464266 /* UserDefaults+AppGroup.swift */; };
		D99E3AC927EB0E2E00464266 /* PacketTunnelProvider.swift in Sources */ = {isa = PBXBuildFile; fileRef = D99E3AC627EB0E2E00464266 /* PacketTunnelProvider.swift */; };
		D99E3ACA27EB0E2E00464266 /* PacketTunnelProvider.swift in Sources */ = {isa = PBXBuildFile; fileRef = D99E3AC627EB0E2E00464266 /* PacketTunnelProvider.swift */; };
		D99E3ACC27EB0F3600464266 /* AppDelegate.swift in Sources */ = {isa = PBXBuildFile; fileRef = D99E3ACB27EB0F3600464266 /* AppDelegate.swift */; };
		D99E3ACE27EB0F5B00464266 /* AppDelegate.swift in Sources */ = {isa = PBXBuildFile; fileRef = D99E3ACD27EB0F5B00464266 /* AppDelegate.swift */; };
		D99E3AE627EB10B900464266 /* ConfigDownloadView.swift in Sources */ = {isa = PBXBuildFile; fileRef = D99E3AD127EB10B800464266 /* ConfigDownloadView.swift */; };
		D99E3AE727EB10B900464266 /* ConfigImportButton.swift in Sources */ = {isa = PBXBuildFile; fileRef = D99E3AD227EB10B800464266 /* ConfigImportButton.swift */; };
		D99E3AF827EB10CA00464266 /* Country.mmdb in Resources */ = {isa = PBXBuildFile; fileRef = D99E3AF727EB10CA00464266 /* Country.mmdb */; };
		D99E3AF927EB10CA00464266 /* Country.mmdb in Resources */ = {isa = PBXBuildFile; fileRef = D99E3AF727EB10CA00464266 /* Country.mmdb */; };
		D99E3AFE27EB10E700464266 /* CoreDataStack.swift in Sources */ = {isa = PBXBuildFile; fileRef = D99E3AFB27EB10E700464266 /* CoreDataStack.swift */; };
		D99E3AFF27EB10E700464266 /* CoreDataStack.swift in Sources */ = {isa = PBXBuildFile; fileRef = D99E3AFB27EB10E700464266 /* CoreDataStack.swift */; };
		D99E3B0027EB10E700464266 /* Clash.xcdatamodeld in Sources */ = {isa = PBXBuildFile; fileRef = D99E3AFC27EB10E700464266 /* Clash.xcdatamodeld */; };
		D99E3B0127EB10E700464266 /* Clash.xcdatamodeld in Sources */ = {isa = PBXBuildFile; fileRef = D99E3AFC27EB10E700464266 /* Clash.xcdatamodeld */; };
		D99E3B0827EB110C00464266 /* ModalPresentationLink.swift in Sources */ = {isa = PBXBuildFile; fileRef = D99E3B0227EB110A00464266 /* ModalPresentationLink.swift */; };
		D99E3B0927EB110C00464266 /* NSManagedObjectContext+File.swift in Sources */ = {isa = PBXBuildFile; fileRef = D99E3B0327EB110B00464266 /* NSManagedObjectContext+File.swift */; };
		D99E3B0A27EB110C00464266 /* VPNManager.swift in Sources */ = {isa = PBXBuildFile; fileRef = D99E3B0427EB110B00464266 /* VPNManager.swift */; };
		D99E3B0C27EB110C00464266 /* ManagedObjectFetchView.swift in Sources */ = {isa = PBXBuildFile; fileRef = D99E3B0627EB110C00464266 /* ManagedObjectFetchView.swift */; };
		D99E3B0F27EB117F00464266 /* ClashTrafficFormatter.swift in Sources */ = {isa = PBXBuildFile; fileRef = D99E3B0E27EB117F00464266 /* ClashTrafficFormatter.swift */; };
		D99E3B1027EB11A200464266 /* ClashTrafficFormatter.swift in Sources */ = {isa = PBXBuildFile; fileRef = D99E3B0E27EB117F00464266 /* ClashTrafficFormatter.swift */; };
		D99E3B1127EB11A500464266 /* VPNManager.swift in Sources */ = {isa = PBXBuildFile; fileRef = D99E3B0427EB110B00464266 /* VPNManager.swift */; };
		D9B1B4F527EAF72F007EE597 /* ClashApp.swift in Sources */ = {isa = PBXBuildFile; fileRef = D9B1B4E527EAF72B007EE597 /* ClashApp.swift */; };
		D9B1B4F627EAF72F007EE597 /* ClashApp.swift in Sources */ = {isa = PBXBuildFile; fileRef = D9B1B4E527EAF72B007EE597 /* ClashApp.swift */; };
		D9B1B4F827EAF72F007EE597 /* ContentView.swift in Sources */ = {isa = PBXBuildFile; fileRef = D9B1B4E627EAF72B007EE597 /* ContentView.swift */; };
		D9B1B4F927EAF72F007EE597 /* Assets.xcassets in Resources */ = {isa = PBXBuildFile; fileRef = D9B1B4E727EAF72F007EE597 /* Assets.xcassets */; };
		D9B1B4FA27EAF72F007EE597 /* Assets.xcassets in Resources */ = {isa = PBXBuildFile; fileRef = D9B1B4E727EAF72F007EE597 /* Assets.xcassets */; };
		D9B1B53327EAFC87007EE597 /* NetworkExtension.framework in Frameworks */ = {isa = PBXBuildFile; fileRef = D9B1B50C27EAFBE0007EE597 /* NetworkExtension.framework */; };
		D9B1B53B27EAFC87007EE597 /* PacketTunnel-iOS.appex in Embed App Extensions */ = {isa = PBXBuildFile; fileRef = D9B1B53227EAFC87007EE597 /* PacketTunnel-iOS.appex */; settings = {ATTRIBUTES = (RemoveHeadersOnCopy, ); }; };
		D9B1B54427EAFC9D007EE597 /* NetworkExtension.framework in Frameworks */ = {isa = PBXBuildFile; fileRef = D9B1B50C27EAFBE0007EE597 /* NetworkExtension.framework */; };
		D9B1B54C27EAFC9D007EE597 /* PacketTunnel-macOS.appex in Embed App Extensions */ = {isa = PBXBuildFile; fileRef = D9B1B54327EAFC9D007EE597 /* PacketTunnel-macOS.appex */; settings = {ATTRIBUTES = (RemoveHeadersOnCopy, ); }; };
		D9B1B55127EAFEC7007EE597 /* NetworkExtension.framework in Frameworks */ = {isa = PBXBuildFile; fileRef = D9B1B50C27EAFBE0007EE597 /* NetworkExtension.framework */; };
		D9B1B55327EAFEDB007EE597 /* NetworkExtension.framework in Frameworks */ = {isa = PBXBuildFile; fileRef = D9B1B55227EAFEDB007EE597 /* NetworkExtension.framework */; };
		D9C3E959280EBEA200D6CFF9 /* T2SKit in Frameworks */ = {isa = PBXBuildFile; productRef = D9C3E958280EBEA200D6CFF9 /* T2SKit */; };
		D9C3E95B280EBEA800D6CFF9 /* T2SKit in Frameworks */ = {isa = PBXBuildFile; productRef = D9C3E95A280EBEA800D6CFF9 /* T2SKit */; };
/* End PBXBuildFile section */

/* Begin PBXContainerItemProxy section */
		D9B1B53927EAFC87007EE597 /* PBXContainerItemProxy */ = {
			isa = PBXContainerItemProxy;
			containerPortal = D9B1B4E027EAF72B007EE597 /* Project object */;
			proxyType = 1;
			remoteGlobalIDString = D9B1B53127EAFC87007EE597;
			remoteInfo = "PacketTunnel-iOS";
		};
		D9B1B54A27EAFC9D007EE597 /* PBXContainerItemProxy */ = {
			isa = PBXContainerItemProxy;
			containerPortal = D9B1B4E027EAF72B007EE597 /* Project object */;
			proxyType = 1;
			remoteGlobalIDString = D9B1B54227EAFC9D007EE597;
			remoteInfo = "PacketTunnel-macOS";
		};
/* End PBXContainerItemProxy section */

/* Begin PBXCopyFilesBuildPhase section */
		70C3580928028C6700F0D8EA /* Embed Frameworks */ = {
			isa = PBXCopyFilesBuildPhase;
			buildActionMask = 2147483647;
			dstPath = "";
			dstSubfolderSpec = 10;
			files = (
			);
			name = "Embed Frameworks";
			runOnlyForDeploymentPostprocessing = 0;
		};
		70C3580E28028C7300F0D8EA /* Embed Frameworks */ = {
			isa = PBXCopyFilesBuildPhase;
			buildActionMask = 2147483647;
			dstPath = "";
			dstSubfolderSpec = 10;
			files = (
			);
			name = "Embed Frameworks";
			runOnlyForDeploymentPostprocessing = 0;
		};
		D9B1B51927EAFBE0007EE597 /* Embed App Extensions */ = {
			isa = PBXCopyFilesBuildPhase;
			buildActionMask = 2147483647;
			dstPath = "";
			dstSubfolderSpec = 13;
			files = (
				D9B1B53B27EAFC87007EE597 /* PacketTunnel-iOS.appex in Embed App Extensions */,
			);
			name = "Embed App Extensions";
			runOnlyForDeploymentPostprocessing = 0;
		};
		D9B1B52D27EAFC43007EE597 /* Embed System Extensions */ = {
			isa = PBXCopyFilesBuildPhase;
			buildActionMask = 2147483647;
			dstPath = "$(SYSTEM_EXTENSIONS_FOLDER_PATH)";
			dstSubfolderSpec = 16;
			files = (
			);
			name = "Embed System Extensions";
			runOnlyForDeploymentPostprocessing = 0;
		};
		D9B1B55027EAFC9D007EE597 /* Embed App Extensions */ = {
			isa = PBXCopyFilesBuildPhase;
			buildActionMask = 2147483647;
			dstPath = "";
			dstSubfolderSpec = 13;
			files = (
				D9B1B54C27EAFC9D007EE597 /* PacketTunnel-macOS.appex in Embed App Extensions */,
			);
			name = "Embed App Extensions";
			runOnlyForDeploymentPostprocessing = 0;
		};
/* End PBXCopyFilesBuildPhase section */

/* Begin PBXFileReference section */
		702C1BBB27F3F65200DF9A98 /* Clash+Extension.swift */ = {isa = PBXFileReference; lastKnownFileType = sourcecode.swift; path = "Clash+Extension.swift"; sourceTree = "<group>"; };
		70BBA70E2824128100050521 /* DelayHistory.swift */ = {isa = PBXFileReference; lastKnownFileType = sourcecode.swift; path = DelayHistory.swift; sourceTree = "<group>"; };
		70BBA7112824129600050521 /* MergedProxyData.swift */ = {isa = PBXFileReference; lastKnownFileType = sourcecode.swift; path = MergedProxyData.swift; sourceTree = "<group>"; };
		70BBA715282412B500050521 /* ProxyViewModel.swift */ = {isa = PBXFileReference; lastKnownFileType = sourcecode.swift; path = ProxyViewModel.swift; sourceTree = "<group>"; };
		70BBA718282412D400050521 /* ProviderViewModel.swift */ = {isa = PBXFileReference; lastKnownFileType = sourcecode.swift; path = ProviderViewModel.swift; sourceTree = "<group>"; };
		70BBA71B282412E700050521 /* ProviderListViewModel.swift */ = {isa = PBXFileReference; lastKnownFileType = sourcecode.swift; path = ProviderListViewModel.swift; sourceTree = "<group>"; };
		70BBA71E2824135A00050521 /* ProxyView.swift */ = {isa = PBXFileReference; lastKnownFileType = sourcecode.swift; path = ProxyView.swift; sourceTree = "<group>"; };
		70BBA7202824137900050521 /* ProxyListView.swift */ = {isa = PBXFileReference; lastKnownFileType = sourcecode.swift; path = ProxyListView.swift; sourceTree = "<group>"; };
		70BBA7222824139500050521 /* ProviderView.swift */ = {isa = PBXFileReference; lastKnownFileType = sourcecode.swift; path = ProviderView.swift; sourceTree = "<group>"; };
		70BBA724282413BC00050521 /* ProviderListView.swift */ = {isa = PBXFileReference; lastKnownFileType = sourcecode.swift; path = ProviderListView.swift; sourceTree = "<group>"; };
		70BBA726282413E300050521 /* ProviderListContainerView.swift */ = {isa = PBXFileReference; lastKnownFileType = sourcecode.swift; path = ProviderListContainerView.swift; sourceTree = "<group>"; };
		70BBA728282413FD00050521 /* PlaceholderView.swift */ = {isa = PBXFileReference; lastKnownFileType = sourcecode.swift; path = PlaceholderView.swift; sourceTree = "<group>"; };
		D90289D0281905C600FEB376 /* Tab.swift */ = {isa = PBXFileReference; lastKnownFileType = sourcecode.swift; path = Tab.swift; sourceTree = "<group>"; };
		D90289D228192BD600FEB376 /* ConnectionStatusView.swift */ = {isa = PBXFileReference; lastKnownFileType = sourcecode.swift; path = ConnectionStatusView.swift; sourceTree = "<group>"; };
		D90289D428192BF800FEB376 /* ConnectionDurationView.swift */ = {isa = PBXFileReference; lastKnownFileType = sourcecode.swift; path = ConnectionDurationView.swift; sourceTree = "<group>"; };
		D90289D628192C4F00FEB376 /* StatusView.swift */ = {isa = PBXFileReference; lastKnownFileType = sourcecode.swift; path = StatusView.swift; sourceTree = "<group>"; };
		D90289D82819310300FEB376 /* HomeView.swift */ = {isa = PBXFileReference; lastKnownFileType = sourcecode.swift; path = HomeView.swift; sourceTree = "<group>"; };
		D90289DE28194F8A00FEB376 /* PanelView.swift */ = {isa = PBXFileReference; lastKnownFileType = sourcecode.swift; path = PanelView.swift; sourceTree = "<group>"; };
		D90289E3281A4F2300FEB376 /* SplitViewControllerInspector.swift */ = {isa = PBXFileReference; lastKnownFileType = sourcecode.swift; path = SplitViewControllerInspector.swift; sourceTree = "<group>"; };
		D90289E5281A4F6C00FEB376 /* ConfigSwitchView.swift */ = {isa = PBXFileReference; lastKnownFileType = sourcecode.swift; path = ConfigSwitchView.swift; sourceTree = "<group>"; };
		D90289EB281A91E700FEB376 /* Theme.swift */ = {isa = PBXFileReference; lastKnownFileType = sourcecode.swift; path = Theme.swift; sourceTree = "<group>"; };
		D90CBF852824FFE500482684 /* PatchData.swift */ = {isa = PBXFileReference; lastKnownFileType = sourcecode.swift; path = PatchData.swift; sourceTree = "<group>"; };
		D927037E27EC5CEA00E61944 /* GEOIPDatabaseManager.swift */ = {isa = PBXFileReference; lastKnownFileType = sourcecode.swift; path = GEOIPDatabaseManager.swift; sourceTree = "<group>"; };
		D942D01A27EDBD4600A864AC /* PacketTunnelProvider+ClashKit.swift */ = {isa = PBXFileReference; lastKnownFileType = sourcecode.swift; path = "PacketTunnelProvider+ClashKit.swift"; sourceTree = "<group>"; };
		D944F5652815281F00DF0BBE /* ActivityView.swift */ = {isa = PBXFileReference; lastKnownFileType = sourcecode.swift; path = ActivityView.swift; sourceTree = "<group>"; };
		D9864987282379810092E86E /* ThemeView.swift */ = {isa = PBXFileReference; lastKnownFileType = sourcecode.swift; path = ThemeView.swift; sourceTree = "<group>"; };
		D986498A28237A870092E86E /* DestructiveView.swift */ = {isa = PBXFileReference; lastKnownFileType = sourcecode.swift; path = DestructiveView.swift; sourceTree = "<group>"; };
		D986498D28237B260092E86E /* TranslationView.swift */ = {isa = PBXFileReference; lastKnownFileType = sourcecode.swift; path = TranslationView.swift; sourceTree = "<group>"; };
		D986499028237BA00092E86E /* LogLevelView.swift */ = {isa = PBXFileReference; lastKnownFileType = sourcecode.swift; path = LogLevelView.swift; sourceTree = "<group>"; };
		D98FB9F8282615FF00EFBE8F /* AdapterType.swift */ = {isa = PBXFileReference; lastKnownFileType = sourcecode.swift; path = AdapterType.swift; sourceTree = "<group>"; };
		D98FBA0C28290AD100EFBE8F /* ConfigRenameView.swift */ = {isa = PBXFileReference; lastKnownFileType = sourcecode.swift; path = ConfigRenameView.swift; sourceTree = "<group>"; };
		D98FBA1028290B1600EFBE8F /* ConfigListView.swift */ = {isa = PBXFileReference; lastKnownFileType = sourcecode.swift; path = ConfigListView.swift; sourceTree = "<group>"; };
		D98FBA1228290B4300EFBE8F /* ConfigListViewModel.swift */ = {isa = PBXFileReference; lastKnownFileType = sourcecode.swift; path = ConfigListViewModel.swift; sourceTree = "<group>"; };
		D98FBA1528290B8300EFBE8F /* ExportItem.swift */ = {isa = PBXFileReference; lastKnownFileType = sourcecode.swift; path = ExportItem.swift; sourceTree = "<group>"; };
		D98FBA1728290BC300EFBE8F /* UTType+YAML.swift */ = {isa = PBXFileReference; lastKnownFileType = sourcecode.swift; path = "UTType+YAML.swift"; sourceTree = "<group>"; };
		D98FBA1A28290C0B00EFBE8F /* ConfigDownloadViewModel.swift */ = {isa = PBXFileReference; lastKnownFileType = sourcecode.swift; path = ConfigDownloadViewModel.swift; sourceTree = "<group>"; };
		D98FBA24282920AD00EFBE8F /* YAMLFile.swift */ = {isa = PBXFileReference; lastKnownFileType = sourcecode.swift; path = YAMLFile.swift; sourceTree = "<group>"; };
		D98FED8B282A64C5008C73C3 /* SelectableGroupBoxStyle.swift */ = {isa = PBXFileReference; lastKnownFileType = sourcecode.swift; path = SelectableGroupBoxStyle.swift; sourceTree = "<group>"; };
		D998B60327F00F23004625FF /* SideBarView.swift */ = {isa = PBXFileReference; lastKnownFileType = sourcecode.swift; path = SideBarView.swift; sourceTree = "<group>"; };
		D998B60727F00F69004625FF /* TunnelModeView.swift */ = {isa = PBXFileReference; lastKnownFileType = sourcecode.swift; path = TunnelModeView.swift; sourceTree = "<group>"; };
		D998B60927F00F8F004625FF /* TrafficView.swift */ = {isa = PBXFileReference; lastKnownFileType = sourcecode.swift; path = TrafficView.swift; sourceTree = "<group>"; };
		D998B60B27F01A4F004625FF /* InstallView.swift */ = {isa = PBXFileReference; lastKnownFileType = sourcecode.swift; path = InstallView.swift; sourceTree = "<group>"; };
		D998B60D27F01A70004625FF /* ControlView.swift */ = {isa = PBXFileReference; lastKnownFileType = sourcecode.swift; path = ControlView.swift; sourceTree = "<group>"; };
		D998B60F27F01F28004625FF /* SettingView.swift */ = {isa = PBXFileReference; lastKnownFileType = sourcecode.swift; path = SettingView.swift; sourceTree = "<group>"; };
		D99E3AA427EB0D8F00464266 /* Clash.swift */ = {isa = PBXFileReference; fileEncoding = 4; lastKnownFileType = sourcecode.swift; path = Clash.swift; sourceTree = "<group>"; };
		D99E3AA827EB0D9000464266 /* UserDefaults+AppGroup.swift */ = {isa = PBXFileReference; fileEncoding = 4; lastKnownFileType = sourcecode.swift; path = "UserDefaults+AppGroup.swift"; sourceTree = "<group>"; };
		D99E3AC627EB0E2E00464266 /* PacketTunnelProvider.swift */ = {isa = PBXFileReference; fileEncoding = 4; lastKnownFileType = sourcecode.swift; path = PacketTunnelProvider.swift; sourceTree = "<group>"; };
		D99E3ACB27EB0F3600464266 /* AppDelegate.swift */ = {isa = PBXFileReference; lastKnownFileType = sourcecode.swift; path = AppDelegate.swift; sourceTree = "<group>"; };
		D99E3ACD27EB0F5B00464266 /* AppDelegate.swift */ = {isa = PBXFileReference; lastKnownFileType = sourcecode.swift; path = AppDelegate.swift; sourceTree = "<group>"; };
		D99E3AD127EB10B800464266 /* ConfigDownloadView.swift */ = {isa = PBXFileReference; fileEncoding = 4; lastKnownFileType = sourcecode.swift; path = ConfigDownloadView.swift; sourceTree = "<group>"; };
		D99E3AD227EB10B800464266 /* ConfigImportButton.swift */ = {isa = PBXFileReference; fileEncoding = 4; lastKnownFileType = sourcecode.swift; path = ConfigImportButton.swift; sourceTree = "<group>"; };
		D99E3AF727EB10CA00464266 /* Country.mmdb */ = {isa = PBXFileReference; lastKnownFileType = file; path = Country.mmdb; sourceTree = "<group>"; };
		D99E3AFB27EB10E700464266 /* CoreDataStack.swift */ = {isa = PBXFileReference; fileEncoding = 4; lastKnownFileType = sourcecode.swift; path = CoreDataStack.swift; sourceTree = "<group>"; };
		D99E3AFD27EB10E700464266 /* Clash.xcdatamodel */ = {isa = PBXFileReference; lastKnownFileType = wrapper.xcdatamodel; path = Clash.xcdatamodel; sourceTree = "<group>"; };
		D99E3B0227EB110A00464266 /* ModalPresentationLink.swift */ = {isa = PBXFileReference; fileEncoding = 4; lastKnownFileType = sourcecode.swift; path = ModalPresentationLink.swift; sourceTree = "<group>"; };
		D99E3B0327EB110B00464266 /* NSManagedObjectContext+File.swift */ = {isa = PBXFileReference; fileEncoding = 4; lastKnownFileType = sourcecode.swift; path = "NSManagedObjectContext+File.swift"; sourceTree = "<group>"; };
		D99E3B0427EB110B00464266 /* VPNManager.swift */ = {isa = PBXFileReference; fileEncoding = 4; lastKnownFileType = sourcecode.swift; path = VPNManager.swift; sourceTree = "<group>"; };
		D99E3B0627EB110C00464266 /* ManagedObjectFetchView.swift */ = {isa = PBXFileReference; fileEncoding = 4; lastKnownFileType = sourcecode.swift; path = ManagedObjectFetchView.swift; sourceTree = "<group>"; };
		D99E3B0E27EB117F00464266 /* ClashTrafficFormatter.swift */ = {isa = PBXFileReference; fileEncoding = 4; lastKnownFileType = sourcecode.swift; path = ClashTrafficFormatter.swift; sourceTree = "<group>"; };
		D9B1B4E527EAF72B007EE597 /* ClashApp.swift */ = {isa = PBXFileReference; lastKnownFileType = sourcecode.swift; path = ClashApp.swift; sourceTree = "<group>"; };
		D9B1B4E627EAF72B007EE597 /* ContentView.swift */ = {isa = PBXFileReference; lastKnownFileType = sourcecode.swift; path = ContentView.swift; sourceTree = "<group>"; };
		D9B1B4E727EAF72F007EE597 /* Assets.xcassets */ = {isa = PBXFileReference; lastKnownFileType = folder.assetcatalog; path = Assets.xcassets; sourceTree = "<group>"; };
		D9B1B4EC27EAF72F007EE597 /* Clash.app */ = {isa = PBXFileReference; explicitFileType = wrapper.application; includeInIndex = 0; path = Clash.app; sourceTree = BUILT_PRODUCTS_DIR; };
		D9B1B4F227EAF72F007EE597 /* Clash.app */ = {isa = PBXFileReference; explicitFileType = wrapper.application; includeInIndex = 0; path = Clash.app; sourceTree = BUILT_PRODUCTS_DIR; };
		D9B1B4F427EAF72F007EE597 /* macOS.entitlements */ = {isa = PBXFileReference; lastKnownFileType = text.plist.entitlements; path = macOS.entitlements; sourceTree = "<group>"; };
		D9B1B50427EAF8DF007EE597 /* iOS.entitlements */ = {isa = PBXFileReference; lastKnownFileType = text.plist.entitlements; path = iOS.entitlements; sourceTree = "<group>"; };
		D9B1B50C27EAFBE0007EE597 /* NetworkExtension.framework */ = {isa = PBXFileReference; lastKnownFileType = wrapper.framework; name = NetworkExtension.framework; path = System/Library/Frameworks/NetworkExtension.framework; sourceTree = SDKROOT; };
		D9B1B53227EAFC87007EE597 /* PacketTunnel-iOS.appex */ = {isa = PBXFileReference; explicitFileType = "wrapper.app-extension"; includeInIndex = 0; path = "PacketTunnel-iOS.appex"; sourceTree = BUILT_PRODUCTS_DIR; };
		D9B1B53727EAFC87007EE597 /* Info.plist */ = {isa = PBXFileReference; lastKnownFileType = text.plist.xml; path = Info.plist; sourceTree = "<group>"; };
		D9B1B53827EAFC87007EE597 /* PacketTunnel_iOS.entitlements */ = {isa = PBXFileReference; lastKnownFileType = text.plist.entitlements; path = PacketTunnel_iOS.entitlements; sourceTree = "<group>"; };
		D9B1B54327EAFC9D007EE597 /* PacketTunnel-macOS.appex */ = {isa = PBXFileReference; explicitFileType = "wrapper.app-extension"; includeInIndex = 0; path = "PacketTunnel-macOS.appex"; sourceTree = BUILT_PRODUCTS_DIR; };
		D9B1B54827EAFC9D007EE597 /* Info.plist */ = {isa = PBXFileReference; lastKnownFileType = text.plist.xml; path = Info.plist; sourceTree = "<group>"; };
		D9B1B54927EAFC9D007EE597 /* PacketTunnel_macOS.entitlements */ = {isa = PBXFileReference; lastKnownFileType = text.plist.entitlements; path = PacketTunnel_macOS.entitlements; sourceTree = "<group>"; };
		D9B1B55227EAFEDB007EE597 /* NetworkExtension.framework */ = {isa = PBXFileReference; lastKnownFileType = wrapper.framework; name = NetworkExtension.framework; path = Platforms/iPhoneOS.platform/Developer/SDKs/iPhoneOS15.0.sdk/System/Library/Frameworks/NetworkExtension.framework; sourceTree = DEVELOPER_DIR; };
		D9B1B55427EB0021007EE597 /* Info.plist */ = {isa = PBXFileReference; lastKnownFileType = text.plist.xml; path = Info.plist; sourceTree = "<group>"; };
		D9B1B55627EB003C007EE597 /* Info.plist */ = {isa = PBXFileReference; lastKnownFileType = text.plist.xml; path = Info.plist; sourceTree = "<group>"; };
/* End PBXFileReference section */

/* Begin PBXFrameworksBuildPhase section */
		D9B1B4E927EAF72F007EE597 /* Frameworks */ = {
			isa = PBXFrameworksBuildPhase;
			buildActionMask = 2147483647;
			files = (
				D9B1B55327EAFEDB007EE597 /* NetworkExtension.framework in Frameworks */,
			);
			runOnlyForDeploymentPostprocessing = 0;
		};
		D9B1B4EF27EAF72F007EE597 /* Frameworks */ = {
			isa = PBXFrameworksBuildPhase;
			buildActionMask = 2147483647;
			files = (
				D9B1B55127EAFEC7007EE597 /* NetworkExtension.framework in Frameworks */,
			);
			runOnlyForDeploymentPostprocessing = 0;
		};
		D9B1B52F27EAFC87007EE597 /* Frameworks */ = {
			isa = PBXFrameworksBuildPhase;
			buildActionMask = 2147483647;
			files = (
				D9B1B53327EAFC87007EE597 /* NetworkExtension.framework in Frameworks */,
				D9C3E959280EBEA200D6CFF9 /* T2SKit in Frameworks */,
				D99E3A9D27EB0CFE00464266 /* ClashKit in Frameworks */,
			);
			runOnlyForDeploymentPostprocessing = 0;
		};
		D9B1B54027EAFC9D007EE597 /* Frameworks */ = {
			isa = PBXFrameworksBuildPhase;
			buildActionMask = 2147483647;
			files = (
				D9B1B54427EAFC9D007EE597 /* NetworkExtension.framework in Frameworks */,
				D9C3E95B280EBEA800D6CFF9 /* T2SKit in Frameworks */,
				D99E3A9F27EB0D0D00464266 /* ClashKit in Frameworks */,
			);
			runOnlyForDeploymentPostprocessing = 0;
		};
/* End PBXFrameworksBuildPhase section */

/* Begin PBXGroup section */
		70BBA70C2824126800050521 /* Panel */ = {
			isa = PBXGroup;
			children = (
				D90CBF7D2824D8F800482684 /* View */,
				70BBA714282412A900050521 /* ViewModel */,
				70BBA70D2824127000050521 /* Model */,
			);
			path = Panel;
			sourceTree = "<group>";
		};
		70BBA70D2824127000050521 /* Model */ = {
			isa = PBXGroup;
			children = (
				70BBA70E2824128100050521 /* DelayHistory.swift */,
				70BBA7112824129600050521 /* MergedProxyData.swift */,
				D90CBF852824FFE500482684 /* PatchData.swift */,
				D98FB9F8282615FF00EFBE8F /* AdapterType.swift */,
			);
			path = Model;
			sourceTree = "<group>";
		};
		70BBA714282412A900050521 /* ViewModel */ = {
			isa = PBXGroup;
			children = (
				70BBA715282412B500050521 /* ProxyViewModel.swift */,
				70BBA718282412D400050521 /* ProviderViewModel.swift */,
				70BBA71B282412E700050521 /* ProviderListViewModel.swift */,
			);
			path = ViewModel;
			sourceTree = "<group>";
		};
		D90289E8281A50D600FEB376 /* SideBar */ = {
			isa = PBXGroup;
			children = (
				D90289D0281905C600FEB376 /* Tab.swift */,
				D998B60327F00F23004625FF /* SideBarView.swift */,
				D90289D628192C4F00FEB376 /* StatusView.swift */,
			);
			path = SideBar;
			sourceTree = "<group>";
		};
		D90289E9281A518900FEB376 /* Setting */ = {
			isa = PBXGroup;
			children = (
				D90289EB281A91E700FEB376 /* Theme.swift */,
				D9864987282379810092E86E /* ThemeView.swift */,
			);
			path = Setting;
			sourceTree = "<group>";
		};
		D90CBF7D2824D8F800482684 /* View */ = {
			isa = PBXGroup;
			children = (
				D90289DE28194F8A00FEB376 /* PanelView.swift */,
				70BBA726282413E300050521 /* ProviderListContainerView.swift */,
				70BBA724282413BC00050521 /* ProviderListView.swift */,
				70BBA7222824139500050521 /* ProviderView.swift */,
				70BBA7202824137900050521 /* ProxyListView.swift */,
				70BBA71E2824135A00050521 /* ProxyView.swift */,
				70BBA728282413FD00050521 /* PlaceholderView.swift */,
			);
			path = View;
			sourceTree = "<group>";
		};
		D9864985282369350092E86E /* Setting */ = {
			isa = PBXGroup;
			children = (
				D998B60F27F01F28004625FF /* SettingView.swift */,
				D986499028237BA00092E86E /* LogLevelView.swift */,
				D986498D28237B260092E86E /* TranslationView.swift */,
				D986498A28237A870092E86E /* DestructiveView.swift */,
			);
			path = Setting;
			sourceTree = "<group>";
		};
		D98FBA01282655C000EFBE8F /* UIKitViews */ = {
			isa = PBXGroup;
			children = (
				D944F5652815281F00DF0BBE /* ActivityView.swift */,
			);
			path = UIKitViews;
			sourceTree = "<group>";
		};
		D98FBA0228265A7800EFBE8F /* Home */ = {
			isa = PBXGroup;
			children = (
				D90289D82819310300FEB376 /* HomeView.swift */,
				D90289E5281A4F6C00FEB376 /* ConfigSwitchView.swift */,
				D90289D428192BF800FEB376 /* ConnectionDurationView.swift */,
				D998B60927F00F8F004625FF /* TrafficView.swift */,
				D998B60727F00F69004625FF /* TunnelModeView.swift */,
				D998B60B27F01A4F004625FF /* InstallView.swift */,
				D998B60D27F01A70004625FF /* ControlView.swift */,
				D90289D228192BD600FEB376 /* ConnectionStatusView.swift */,
			);
			path = Home;
			sourceTree = "<group>";
		};
		D98FBA0B28290AC000EFBE8F /* Config List */ = {
			isa = PBXGroup;
			children = (
				D98FBA1428290B7200EFBE8F /* Model */,
				D98FBA0F28290B0100EFBE8F /* ViewModel */,
				D98FBA0E28290AFA00EFBE8F /* View */,
			);
			path = "Config List";
			sourceTree = "<group>";
		};
		D98FBA0E28290AFA00EFBE8F /* View */ = {
			isa = PBXGroup;
			children = (
				D98FBA1028290B1600EFBE8F /* ConfigListView.swift */,
				D99E3AD227EB10B800464266 /* ConfigImportButton.swift */,
				D98FBA0C28290AD100EFBE8F /* ConfigRenameView.swift */,
				D99E3AD127EB10B800464266 /* ConfigDownloadView.swift */,
			);
			path = View;
			sourceTree = "<group>";
		};
		D98FBA0F28290B0100EFBE8F /* ViewModel */ = {
			isa = PBXGroup;
			children = (
				D98FBA1228290B4300EFBE8F /* ConfigListViewModel.swift */,
				D98FBA1A28290C0B00EFBE8F /* ConfigDownloadViewModel.swift */,
			);
			path = ViewModel;
			sourceTree = "<group>";
		};
		D98FBA1428290B7200EFBE8F /* Model */ = {
			isa = PBXGroup;
			children = (
				D98FBA1528290B8300EFBE8F /* ExportItem.swift */,
				D98FBA24282920AD00EFBE8F /* YAMLFile.swift */,
			);
			path = Model;
			sourceTree = "<group>";
		};
		D99E3AA027EB0D2E00464266 /* PacketTunnel */ = {
			isa = PBXGroup;
			children = (
				D99E3AC627EB0E2E00464266 /* PacketTunnelProvider.swift */,
				D942D01A27EDBD4600A864AC /* PacketTunnelProvider+ClashKit.swift */,
			);
			path = PacketTunnel;
			sourceTree = "<group>";
		};
		D9B1B4DF27EAF72B007EE597 = {
			isa = PBXGroup;
			children = (
				D9B1B4E427EAF72B007EE597 /* Shared */,
				D9B1B50327EAF8B2007EE597 /* iOS */,
				D9B1B4F327EAF72F007EE597 /* macOS */,
				D99E3AA027EB0D2E00464266 /* PacketTunnel */,
				D9B1B53427EAFC87007EE597 /* PacketTunnel-iOS */,
				D9B1B54527EAFC9D007EE597 /* PacketTunnel-macOS */,
				D9B1B50B27EAFBE0007EE597 /* Frameworks */,
				D9B1B4ED27EAF72F007EE597 /* Products */,
			);
			sourceTree = "<group>";
		};
		D9B1B4E427EAF72B007EE597 /* Shared */ = {
			isa = PBXGroup;
			children = (
				D9B1B4E527EAF72B007EE597 /* ClashApp.swift */,
				D9B1B4E627EAF72B007EE597 /* ContentView.swift */,
				D99E3B0E27EB117F00464266 /* ClashTrafficFormatter.swift */,
				D99E3B0427EB110B00464266 /* VPNManager.swift */,
				D927037E27EC5CEA00E61944 /* GEOIPDatabaseManager.swift */,
				D99E3B0627EB110C00464266 /* ManagedObjectFetchView.swift */,
				D99E3B0227EB110A00464266 /* ModalPresentationLink.swift */,
				D99E3B0327EB110B00464266 /* NSManagedObjectContext+File.swift */,
				D99E3AFB27EB10E700464266 /* CoreDataStack.swift */,
				702C1BBB27F3F65200DF9A98 /* Clash+Extension.swift */,
				D99E3AA427EB0D8F00464266 /* Clash.swift */,
				D99E3AA827EB0D9000464266 /* UserDefaults+AppGroup.swift */,
				D98FBA1728290BC300EFBE8F /* UTType+YAML.swift */,
				D98FBA0228265A7800EFBE8F /* Home */,
				D98FBA0B28290AC000EFBE8F /* Config List */,
				70BBA70C2824126800050521 /* Panel */,
				D9864985282369350092E86E /* Setting */,
				D99E3AF727EB10CA00464266 /* Country.mmdb */,
				D9B1B4E727EAF72F007EE597 /* Assets.xcassets */,
				D99E3AFC27EB10E700464266 /* Clash.xcdatamodeld */,
			);
			path = Shared;
			sourceTree = "<group>";
		};
		D9B1B4ED27EAF72F007EE597 /* Products */ = {
			isa = PBXGroup;
			children = (
				D9B1B4EC27EAF72F007EE597 /* Clash.app */,
				D9B1B4F227EAF72F007EE597 /* Clash.app */,
				D9B1B53227EAFC87007EE597 /* PacketTunnel-iOS.appex */,
				D9B1B54327EAFC9D007EE597 /* PacketTunnel-macOS.appex */,
			);
			name = Products;
			sourceTree = "<group>";
		};
		D9B1B4F327EAF72F007EE597 /* macOS */ = {
			isa = PBXGroup;
			children = (
				D99E3ACD27EB0F5B00464266 /* AppDelegate.swift */,
				D90289E3281A4F2300FEB376 /* SplitViewControllerInspector.swift */,
				D98FED8B282A64C5008C73C3 /* SelectableGroupBoxStyle.swift */,
				D90289E8281A50D600FEB376 /* SideBar */,
				D90289E9281A518900FEB376 /* Setting */,
				D9B1B4F427EAF72F007EE597 /* macOS.entitlements */,
				D9B1B55627EB003C007EE597 /* Info.plist */,
			);
			path = macOS;
			sourceTree = "<group>";
		};
		D9B1B50327EAF8B2007EE597 /* iOS */ = {
			isa = PBXGroup;
			children = (
				D99E3ACB27EB0F3600464266 /* AppDelegate.swift */,
				D98FBA01282655C000EFBE8F /* UIKitViews */,
				D9B1B50427EAF8DF007EE597 /* iOS.entitlements */,
				D9B1B55427EB0021007EE597 /* Info.plist */,
			);
			path = iOS;
			sourceTree = "<group>";
		};
		D9B1B50B27EAFBE0007EE597 /* Frameworks */ = {
			isa = PBXGroup;
			children = (
				D9B1B55227EAFEDB007EE597 /* NetworkExtension.framework */,
				D9B1B50C27EAFBE0007EE597 /* NetworkExtension.framework */,
			);
			name = Frameworks;
			sourceTree = "<group>";
		};
		D9B1B53427EAFC87007EE597 /* PacketTunnel-iOS */ = {
			isa = PBXGroup;
			children = (
				D9B1B53727EAFC87007EE597 /* Info.plist */,
				D9B1B53827EAFC87007EE597 /* PacketTunnel_iOS.entitlements */,
			);
			path = "PacketTunnel-iOS";
			sourceTree = "<group>";
		};
		D9B1B54527EAFC9D007EE597 /* PacketTunnel-macOS */ = {
			isa = PBXGroup;
			children = (
				D9B1B54827EAFC9D007EE597 /* Info.plist */,
				D9B1B54927EAFC9D007EE597 /* PacketTunnel_macOS.entitlements */,
			);
			path = "PacketTunnel-macOS";
			sourceTree = "<group>";
		};
/* End PBXGroup section */

/* Begin PBXNativeTarget section */
		D9B1B4EB27EAF72F007EE597 /* Clash (iOS) */ = {
			isa = PBXNativeTarget;
			buildConfigurationList = D9B1B4FD27EAF72F007EE597 /* Build configuration list for PBXNativeTarget "Clash (iOS)" */;
			buildPhases = (
				D9B1B4E827EAF72F007EE597 /* Sources */,
				D9B1B4E927EAF72F007EE597 /* Frameworks */,
				D9B1B4EA27EAF72F007EE597 /* Resources */,
				D9B1B51927EAFBE0007EE597 /* Embed App Extensions */,
			);
			buildRules = (
			);
			dependencies = (
				D9B1B53A27EAFC87007EE597 /* PBXTargetDependency */,
			);
			name = "Clash (iOS)";
			packageProductDependencies = (
			);
			productName = "AppleClash (iOS)";
			productReference = D9B1B4EC27EAF72F007EE597 /* Clash.app */;
			productType = "com.apple.product-type.application";
		};
		D9B1B4F127EAF72F007EE597 /* Clash (macOS) */ = {
			isa = PBXNativeTarget;
			buildConfigurationList = D9B1B50027EAF72F007EE597 /* Build configuration list for PBXNativeTarget "Clash (macOS)" */;
			buildPhases = (
				D9B1B4EE27EAF72F007EE597 /* Sources */,
				D9B1B4EF27EAF72F007EE597 /* Frameworks */,
				D9B1B4F027EAF72F007EE597 /* Resources */,
				D9B1B52D27EAFC43007EE597 /* Embed System Extensions */,
				D9B1B55027EAFC9D007EE597 /* Embed App Extensions */,
			);
			buildRules = (
			);
			dependencies = (
				D9B1B54B27EAFC9D007EE597 /* PBXTargetDependency */,
			);
			name = "Clash (macOS)";
			packageProductDependencies = (
			);
			productName = "AppleClash (macOS)";
			productReference = D9B1B4F227EAF72F007EE597 /* Clash.app */;
			productType = "com.apple.product-type.application";
		};
		D9B1B53127EAFC87007EE597 /* PacketTunnel-iOS */ = {
			isa = PBXNativeTarget;
			buildConfigurationList = D9B1B53C27EAFC87007EE597 /* Build configuration list for PBXNativeTarget "PacketTunnel-iOS" */;
			buildPhases = (
				D9B1B52E27EAFC87007EE597 /* Sources */,
				D9B1B52F27EAFC87007EE597 /* Frameworks */,
				D9B1B53027EAFC87007EE597 /* Resources */,
				70C3580928028C6700F0D8EA /* Embed Frameworks */,
			);
			buildRules = (
			);
			dependencies = (
			);
			name = "PacketTunnel-iOS";
			packageProductDependencies = (
				D99E3A9C27EB0CFE00464266 /* ClashKit */,
				D9C3E958280EBEA200D6CFF9 /* T2SKit */,
			);
			productName = "PacketTunnel-iOS";
			productReference = D9B1B53227EAFC87007EE597 /* PacketTunnel-iOS.appex */;
			productType = "com.apple.product-type.app-extension";
		};
		D9B1B54227EAFC9D007EE597 /* PacketTunnel-macOS */ = {
			isa = PBXNativeTarget;
			buildConfigurationList = D9B1B54D27EAFC9D007EE597 /* Build configuration list for PBXNativeTarget "PacketTunnel-macOS" */;
			buildPhases = (
				D9B1B53F27EAFC9D007EE597 /* Sources */,
				D9B1B54027EAFC9D007EE597 /* Frameworks */,
				D9B1B54127EAFC9D007EE597 /* Resources */,
				70C3580E28028C7300F0D8EA /* Embed Frameworks */,
			);
			buildRules = (
			);
			dependencies = (
			);
			name = "PacketTunnel-macOS";
			packageProductDependencies = (
				D99E3A9E27EB0D0D00464266 /* ClashKit */,
				D9C3E95A280EBEA800D6CFF9 /* T2SKit */,
			);
			productName = "PacketTunnel-macOS";
			productReference = D9B1B54327EAFC9D007EE597 /* PacketTunnel-macOS.appex */;
			productType = "com.apple.product-type.app-extension";
		};
/* End PBXNativeTarget section */

/* Begin PBXProject section */
		D9B1B4E027EAF72B007EE597 /* Project object */ = {
			isa = PBXProject;
			attributes = {
				BuildIndependentTargetsInParallel = 1;
				LastSwiftUpdateCheck = 1310;
				LastUpgradeCheck = 1330;
				TargetAttributes = {
					D9B1B4EB27EAF72F007EE597 = {
						CreatedOnToolsVersion = 13.1;
					};
					D9B1B4F127EAF72F007EE597 = {
						CreatedOnToolsVersion = 13.1;
					};
					D9B1B53127EAFC87007EE597 = {
						CreatedOnToolsVersion = 13.1;
					};
					D9B1B54227EAFC9D007EE597 = {
						CreatedOnToolsVersion = 13.1;
					};
				};
			};
			buildConfigurationList = D9B1B4E327EAF72B007EE597 /* Build configuration list for PBXProject "Clash" */;
			compatibilityVersion = "Xcode 13.0";
			developmentRegion = "zh-Hans";
			hasScannedForEncodings = 0;
			knownRegions = (
				"zh-Hans",
				Base,
			);
			mainGroup = D9B1B4DF27EAF72B007EE597;
			packageReferences = (
				D99E3A9B27EB0CFE00464266 /* XCRemoteSwiftPackageReference "ClashKit" */,
				D9C3E955280EBE8800D6CFF9 /* XCRemoteSwiftPackageReference "T2SKit" */,
			);
			productRefGroup = D9B1B4ED27EAF72F007EE597 /* Products */;
			projectDirPath = "";
			projectRoot = "";
			targets = (
				D9B1B4EB27EAF72F007EE597 /* Clash (iOS) */,
				D9B1B4F127EAF72F007EE597 /* Clash (macOS) */,
				D9B1B53127EAFC87007EE597 /* PacketTunnel-iOS */,
				D9B1B54227EAFC9D007EE597 /* PacketTunnel-macOS */,
			);
		};
/* End PBXProject section */

/* Begin PBXResourcesBuildPhase section */
		D9B1B4EA27EAF72F007EE597 /* Resources */ = {
			isa = PBXResourcesBuildPhase;
			buildActionMask = 2147483647;
			files = (
				D99E3AF827EB10CA00464266 /* Country.mmdb in Resources */,
				D9B1B4F927EAF72F007EE597 /* Assets.xcassets in Resources */,
			);
			runOnlyForDeploymentPostprocessing = 0;
		};
		D9B1B4F027EAF72F007EE597 /* Resources */ = {
			isa = PBXResourcesBuildPhase;
			buildActionMask = 2147483647;
			files = (
				D99E3AF927EB10CA00464266 /* Country.mmdb in Resources */,
				D9B1B4FA27EAF72F007EE597 /* Assets.xcassets in Resources */,
			);
			runOnlyForDeploymentPostprocessing = 0;
		};
		D9B1B53027EAFC87007EE597 /* Resources */ = {
			isa = PBXResourcesBuildPhase;
			buildActionMask = 2147483647;
			files = (
			);
			runOnlyForDeploymentPostprocessing = 0;
		};
		D9B1B54127EAFC9D007EE597 /* Resources */ = {
			isa = PBXResourcesBuildPhase;
			buildActionMask = 2147483647;
			files = (
			);
			runOnlyForDeploymentPostprocessing = 0;
		};
/* End PBXResourcesBuildPhase section */

/* Begin PBXSourcesBuildPhase section */
		D9B1B4E827EAF72F007EE597 /* Sources */ = {
			isa = PBXSourcesBuildPhase;
			buildActionMask = 2147483647;
			files = (
				D927037F27EC5CEA00E61944 /* GEOIPDatabaseManager.swift in Sources */,
				D98FBA0628266F7E00EFBE8F /* InstallView.swift in Sources */,
				D99E3B0A27EB110C00464266 /* VPNManager.swift in Sources */,
				D90CBF832824DD2600482684 /* ProxyListView.swift in Sources */,
				D90CBF802824DA0700482684 /* ProviderListContainerView.swift in Sources */,
				D99E3AE727EB10B900464266 /* ConfigImportButton.swift in Sources */,
				D99E3AE627EB10B900464266 /* ConfigDownloadView.swift in Sources */,
				D98FBA09282675BA00EFBE8F /* ConfigSwitchView.swift in Sources */,
				70BBA7122824129600050521 /* MergedProxyData.swift in Sources */,
				70BBA71C282412E700050521 /* ProviderListViewModel.swift in Sources */,
				D944F5662815282800DF0BBE /* ActivityView.swift in Sources */,
				D98FBA1128290B1600EFBE8F /* ConfigListView.swift in Sources */,
				D98FBA0D28290AD100EFBE8F /* ConfigRenameView.swift in Sources */,
				D99E3B0827EB110C00464266 /* ModalPresentationLink.swift in Sources */,
				D90CBF822824DCAD00482684 /* ProviderView.swift in Sources */,
				70BBA70F2824128100050521 /* DelayHistory.swift in Sources */,
				D99E3B0027EB10E700464266 /* Clash.xcdatamodeld in Sources */,
				70BBA716282412B500050521 /* ProxyViewModel.swift in Sources */,
				702C1BBC27F3F65200DF9A98 /* Clash+Extension.swift in Sources */,
				D98FBA1B28290C0B00EFBE8F /* ConfigDownloadViewModel.swift in Sources */,
				D98FBA08282673AB00EFBE8F /* ConnectionStatusView.swift in Sources */,
				D98FBA0528266B4000EFBE8F /* TunnelModeView.swift in Sources */,
				D98FBA0A282677D000EFBE8F /* HomeView.swift in Sources */,
				D986499128237BA00092E86E /* LogLevelView.swift in Sources */,
				D99E3B0927EB110C00464266 /* NSManagedObjectContext+File.swift in Sources */,
				D98FBA04282668F900EFBE8F /* TrafficView.swift in Sources */,
				D99E3B0F27EB117F00464266 /* ClashTrafficFormatter.swift in Sources */,
				D99E3AFE27EB10E700464266 /* CoreDataStack.swift in Sources */,
				D98FBA1628290B8300EFBE8F /* ExportItem.swift in Sources */,
				D99E3ACC27EB0F3600464266 /* AppDelegate.swift in Sources */,
				D90CBF862824FFE500482684 /* PatchData.swift in Sources */,
				D99E3AB127EB0D9000464266 /* Clash.swift in Sources */,
				D99E3AC127EB0D9100464266 /* UserDefaults+AppGroup.swift in Sources */,
				70BBA719282412D400050521 /* ProviderViewModel.swift in Sources */,
				D98FB9F9282615FF00EFBE8F /* AdapterType.swift in Sources */,
				D9B1B4F527EAF72F007EE597 /* ClashApp.swift in Sources */,
				D90CBF7F2824D97500482684 /* PanelView.swift in Sources */,
				D98FBA07282671B600EFBE8F /* ControlView.swift in Sources */,
				D99E3B0C27EB110C00464266 /* ManagedObjectFetchView.swift in Sources */,
				D90CBF842824DD8E00482684 /* ProxyView.swift in Sources */,
				D9864986282369460092E86E /* SettingView.swift in Sources */,
				D986498B28237A870092E86E /* DestructiveView.swift in Sources */,
				D98FBA1828290BC300EFBE8F /* UTType+YAML.swift in Sources */,
				D986498E28237B260092E86E /* TranslationView.swift in Sources */,
				D98FBA25282920AD00EFBE8F /* YAMLFile.swift in Sources */,
				D98FBA002826523700EFBE8F /* ContentView.swift in Sources */,
				D90CBF7E2824D96000482684 /* PlaceholderView.swift in Sources */,
				D98FBA0328265A8D00EFBE8F /* ConnectionDurationView.swift in Sources */,
				D98FBA1328290B4300EFBE8F /* ConfigListViewModel.swift in Sources */,
				D90CBF812824DA2500482684 /* ProviderListView.swift in Sources */,
			);
			runOnlyForDeploymentPostprocessing = 0;
		};
		D9B1B4EE27EAF72F007EE597 /* Sources */ = {
			isa = PBXSourcesBuildPhase;
			buildActionMask = 2147483647;
			files = (
				D90289D92819310300FEB376 /* HomeView.swift in Sources */,
				D98FBA1D28290DC900EFBE8F /* ExportItem.swift in Sources */,
				D998B61027F01F28004625FF /* SettingView.swift in Sources */,
				D90289D728192C4F00FEB376 /* StatusView.swift in Sources */,
				D927038027EC5CEA00E61944 /* GEOIPDatabaseManager.swift in Sources */,
				D90CBF872824FFE500482684 /* PatchData.swift in Sources */,
				D90289D1281905C700FEB376 /* Tab.swift in Sources */,
				70BBA71F2824135A00050521 /* ProxyView.swift in Sources */,
				D90289E4281A4F2300FEB376 /* SplitViewControllerInspector.swift in Sources */,
				D998B60C27F01A4F004625FF /* InstallView.swift in Sources */,
				D99E3AFF27EB10E700464266 /* CoreDataStack.swift in Sources */,
				D99E3ACE27EB0F5B00464266 /* AppDelegate.swift in Sources */,
				D98FBA2228290DD900EFBE8F /* ConfigRenameView.swift in Sources */,
				D98FBA2028290DD300EFBE8F /* ConfigListView.swift in Sources */,
				D99E3B1127EB11A500464266 /* VPNManager.swift in Sources */,
				D9B1B4F827EAF72F007EE597 /* ContentView.swift in Sources */,
				D98FB9FA282615FF00EFBE8F /* AdapterType.swift in Sources */,
				70BBA729282413FD00050521 /* PlaceholderView.swift in Sources */,
				D98FBA1E28290DCD00EFBE8F /* ConfigListViewModel.swift in Sources */,
				70BBA717282412B500050521 /* ProxyViewModel.swift in Sources */,
				D98FBA2128290DD600EFBE8F /* ConfigImportButton.swift in Sources */,
				D90289D528192BF800FEB376 /* ConnectionDurationView.swift in Sources */,
				70BBA71D282412E700050521 /* ProviderListViewModel.swift in Sources */,
				702C1BBD27F3F65200DF9A98 /* Clash+Extension.swift in Sources */,
				D90289EC281A91E700FEB376 /* Theme.swift in Sources */,
				D986499228237BA00092E86E /* LogLevelView.swift in Sources */,
				D99E3AB227EB0D9000464266 /* Clash.swift in Sources */,
				D98FED8C282A64C5008C73C3 /* SelectableGroupBoxStyle.swift in Sources */,
				D927039B27ED542200E61944 /* NSManagedObjectContext+File.swift in Sources */,
				D98FBA26282920AD00EFBE8F /* YAMLFile.swift in Sources */,
				70BBA7132824129600050521 /* MergedProxyData.swift in Sources */,
				70BBA725282413BC00050521 /* ProviderListView.swift in Sources */,
				D986498C28237A870092E86E /* DestructiveView.swift in Sources */,
				D99E3B1027EB11A200464266 /* ClashTrafficFormatter.swift in Sources */,
				D90289E6281A4F6C00FEB376 /* ConfigSwitchView.swift in Sources */,
				D90289DF28194F8A00FEB376 /* PanelView.swift in Sources */,
				D927039927ED540500E61944 /* ManagedObjectFetchView.swift in Sources */,
				70BBA727282413E300050521 /* ProviderListContainerView.swift in Sources */,
				D927039A27ED541800E61944 /* ModalPresentationLink.swift in Sources */,
				D998B60427F00F23004625FF /* SideBarView.swift in Sources */,
				D998B60827F00F69004625FF /* TunnelModeView.swift in Sources */,
				D9864989282379810092E86E /* ThemeView.swift in Sources */,
				D998B60E27F01A70004625FF /* ControlView.swift in Sources */,
				D98FBA1928290BC300EFBE8F /* UTType+YAML.swift in Sources */,
				D986498F28237B260092E86E /* TranslationView.swift in Sources */,
				D99E3B0127EB10E700464266 /* Clash.xcdatamodeld in Sources */,
				70BBA7232824139500050521 /* ProviderView.swift in Sources */,
				D99E3AC227EB0D9100464266 /* UserDefaults+AppGroup.swift in Sources */,
				D998B60A27F00F8F004625FF /* TrafficView.swift in Sources */,
				D98FBA1F28290DD000EFBE8F /* ConfigDownloadViewModel.swift in Sources */,
				70BBA7212824137900050521 /* ProxyListView.swift in Sources */,
				70BBA71A282412D400050521 /* ProviderViewModel.swift in Sources */,
				D9B1B4F627EAF72F007EE597 /* ClashApp.swift in Sources */,
				70BBA7102824128100050521 /* DelayHistory.swift in Sources */,
				D98FBA2328290DDC00EFBE8F /* ConfigDownloadView.swift in Sources */,
				D90289D328192BD600FEB376 /* ConnectionStatusView.swift in Sources */,
			);
			runOnlyForDeploymentPostprocessing = 0;
		};
		D9B1B52E27EAFC87007EE597 /* Sources */ = {
			isa = PBXSourcesBuildPhase;
			buildActionMask = 2147483647;
			files = (
				D942D01B27EDBD4600A864AC /* PacketTunnelProvider+ClashKit.swift in Sources */,
				D99E3AC927EB0E2E00464266 /* PacketTunnelProvider.swift in Sources */,
				702C1BB527F3F5F100DF9A98 /* Clash.swift in Sources */,
				702C1BB927F3F5F700DF9A98 /* UserDefaults+AppGroup.swift in Sources */,
			);
			runOnlyForDeploymentPostprocessing = 0;
		};
		D9B1B53F27EAFC9D007EE597 /* Sources */ = {
			isa = PBXSourcesBuildPhase;
			buildActionMask = 2147483647;
			files = (
				D942D01C27EDBD4600A864AC /* PacketTunnelProvider+ClashKit.swift in Sources */,
				D99E3ACA27EB0E2E00464266 /* PacketTunnelProvider.swift in Sources */,
				702C1BB627F3F5F100DF9A98 /* Clash.swift in Sources */,
				702C1BBA27F3F5F800DF9A98 /* UserDefaults+AppGroup.swift in Sources */,
			);
			runOnlyForDeploymentPostprocessing = 0;
		};
/* End PBXSourcesBuildPhase section */

/* Begin PBXTargetDependency section */
		D9B1B53A27EAFC87007EE597 /* PBXTargetDependency */ = {
			isa = PBXTargetDependency;
			target = D9B1B53127EAFC87007EE597 /* PacketTunnel-iOS */;
			targetProxy = D9B1B53927EAFC87007EE597 /* PBXContainerItemProxy */;
		};
		D9B1B54B27EAFC9D007EE597 /* PBXTargetDependency */ = {
			isa = PBXTargetDependency;
			target = D9B1B54227EAFC9D007EE597 /* PacketTunnel-macOS */;
			targetProxy = D9B1B54A27EAFC9D007EE597 /* PBXContainerItemProxy */;
		};
/* End PBXTargetDependency section */

/* Begin XCBuildConfiguration section */
		D9B1B4FB27EAF72F007EE597 /* Debug */ = {
			isa = XCBuildConfiguration;
			buildSettings = {
				ALWAYS_SEARCH_USER_PATHS = NO;
				CLANG_ANALYZER_NONNULL = YES;
				CLANG_ANALYZER_NUMBER_OBJECT_CONVERSION = YES_AGGRESSIVE;
				CLANG_CXX_LANGUAGE_STANDARD = "gnu++17";
				CLANG_CXX_LIBRARY = "libc++";
				CLANG_ENABLE_MODULES = YES;
				CLANG_ENABLE_OBJC_ARC = YES;
				CLANG_ENABLE_OBJC_WEAK = YES;
				CLANG_WARN_BLOCK_CAPTURE_AUTORELEASING = YES;
				CLANG_WARN_BOOL_CONVERSION = YES;
				CLANG_WARN_COMMA = YES;
				CLANG_WARN_CONSTANT_CONVERSION = YES;
				CLANG_WARN_DEPRECATED_OBJC_IMPLEMENTATIONS = YES;
				CLANG_WARN_DIRECT_OBJC_ISA_USAGE = YES_ERROR;
				CLANG_WARN_DOCUMENTATION_COMMENTS = YES;
				CLANG_WARN_EMPTY_BODY = YES;
				CLANG_WARN_ENUM_CONVERSION = YES;
				CLANG_WARN_INFINITE_RECURSION = YES;
				CLANG_WARN_INT_CONVERSION = YES;
				CLANG_WARN_NON_LITERAL_NULL_CONVERSION = YES;
				CLANG_WARN_OBJC_IMPLICIT_RETAIN_SELF = YES;
				CLANG_WARN_OBJC_LITERAL_CONVERSION = YES;
				CLANG_WARN_OBJC_ROOT_CLASS = YES_ERROR;
				CLANG_WARN_QUOTED_INCLUDE_IN_FRAMEWORK_HEADER = YES;
				CLANG_WARN_RANGE_LOOP_ANALYSIS = YES;
				CLANG_WARN_STRICT_PROTOTYPES = YES;
				CLANG_WARN_SUSPICIOUS_MOVE = YES;
				CLANG_WARN_UNGUARDED_AVAILABILITY = YES_AGGRESSIVE;
				CLANG_WARN_UNREACHABLE_CODE = YES;
				CLANG_WARN__DUPLICATE_METHOD_MATCH = YES;
				COPY_PHASE_STRIP = NO;
				DEBUG_INFORMATION_FORMAT = dwarf;
				ENABLE_STRICT_OBJC_MSGSEND = YES;
				ENABLE_TESTABILITY = YES;
				GCC_C_LANGUAGE_STANDARD = gnu11;
				GCC_DYNAMIC_NO_PIC = NO;
				GCC_NO_COMMON_BLOCKS = YES;
				GCC_OPTIMIZATION_LEVEL = 0;
				GCC_PREPROCESSOR_DEFINITIONS = (
					"DEBUG=1",
					"$(inherited)",
				);
				GCC_WARN_64_TO_32_BIT_CONVERSION = YES;
				GCC_WARN_ABOUT_RETURN_TYPE = YES_ERROR;
				GCC_WARN_UNDECLARED_SELECTOR = YES;
				GCC_WARN_UNINITIALIZED_AUTOS = YES_AGGRESSIVE;
				GCC_WARN_UNUSED_FUNCTION = YES;
				GCC_WARN_UNUSED_VARIABLE = YES;
				IPHONEOS_DEPLOYMENT_TARGET = 15.0;
				MACOSX_DEPLOYMENT_TARGET = 12.0;
				MTL_ENABLE_DEBUG_INFO = INCLUDE_SOURCE;
				MTL_FAST_MATH = YES;
				ONLY_ACTIVE_ARCH = YES;
				SWIFT_ACTIVE_COMPILATION_CONDITIONS = DEBUG;
				SWIFT_OPTIMIZATION_LEVEL = "-Onone";
			};
			name = Debug;
		};
		D9B1B4FC27EAF72F007EE597 /* Release */ = {
			isa = XCBuildConfiguration;
			buildSettings = {
				ALWAYS_SEARCH_USER_PATHS = NO;
				CLANG_ANALYZER_NONNULL = YES;
				CLANG_ANALYZER_NUMBER_OBJECT_CONVERSION = YES_AGGRESSIVE;
				CLANG_CXX_LANGUAGE_STANDARD = "gnu++17";
				CLANG_CXX_LIBRARY = "libc++";
				CLANG_ENABLE_MODULES = YES;
				CLANG_ENABLE_OBJC_ARC = YES;
				CLANG_ENABLE_OBJC_WEAK = YES;
				CLANG_WARN_BLOCK_CAPTURE_AUTORELEASING = YES;
				CLANG_WARN_BOOL_CONVERSION = YES;
				CLANG_WARN_COMMA = YES;
				CLANG_WARN_CONSTANT_CONVERSION = YES;
				CLANG_WARN_DEPRECATED_OBJC_IMPLEMENTATIONS = YES;
				CLANG_WARN_DIRECT_OBJC_ISA_USAGE = YES_ERROR;
				CLANG_WARN_DOCUMENTATION_COMMENTS = YES;
				CLANG_WARN_EMPTY_BODY = YES;
				CLANG_WARN_ENUM_CONVERSION = YES;
				CLANG_WARN_INFINITE_RECURSION = YES;
				CLANG_WARN_INT_CONVERSION = YES;
				CLANG_WARN_NON_LITERAL_NULL_CONVERSION = YES;
				CLANG_WARN_OBJC_IMPLICIT_RETAIN_SELF = YES;
				CLANG_WARN_OBJC_LITERAL_CONVERSION = YES;
				CLANG_WARN_OBJC_ROOT_CLASS = YES_ERROR;
				CLANG_WARN_QUOTED_INCLUDE_IN_FRAMEWORK_HEADER = YES;
				CLANG_WARN_RANGE_LOOP_ANALYSIS = YES;
				CLANG_WARN_STRICT_PROTOTYPES = YES;
				CLANG_WARN_SUSPICIOUS_MOVE = YES;
				CLANG_WARN_UNGUARDED_AVAILABILITY = YES_AGGRESSIVE;
				CLANG_WARN_UNREACHABLE_CODE = YES;
				CLANG_WARN__DUPLICATE_METHOD_MATCH = YES;
				COPY_PHASE_STRIP = NO;
				DEBUG_INFORMATION_FORMAT = "dwarf-with-dsym";
				ENABLE_NS_ASSERTIONS = NO;
				ENABLE_STRICT_OBJC_MSGSEND = YES;
				GCC_C_LANGUAGE_STANDARD = gnu11;
				GCC_NO_COMMON_BLOCKS = YES;
				GCC_WARN_64_TO_32_BIT_CONVERSION = YES;
				GCC_WARN_ABOUT_RETURN_TYPE = YES_ERROR;
				GCC_WARN_UNDECLARED_SELECTOR = YES;
				GCC_WARN_UNINITIALIZED_AUTOS = YES_AGGRESSIVE;
				GCC_WARN_UNUSED_FUNCTION = YES;
				GCC_WARN_UNUSED_VARIABLE = YES;
				IPHONEOS_DEPLOYMENT_TARGET = 15.0;
				MACOSX_DEPLOYMENT_TARGET = 12.0;
				MTL_ENABLE_DEBUG_INFO = NO;
				MTL_FAST_MATH = YES;
				SWIFT_COMPILATION_MODE = wholemodule;
				SWIFT_OPTIMIZATION_LEVEL = "-O";
			};
			name = Release;
		};
		D9B1B4FE27EAF72F007EE597 /* Debug */ = {
			isa = XCBuildConfiguration;
			buildSettings = {
				ALWAYS_EMBED_SWIFT_STANDARD_LIBRARIES = YES;
				ASSETCATALOG_COMPILER_APPICON_NAME = AppIcon;
				ASSETCATALOG_COMPILER_GLOBAL_ACCENT_COLOR_NAME = AccentColor;
				CODE_SIGN_ENTITLEMENTS = iOS/iOS.entitlements;
				CODE_SIGN_STYLE = Automatic;
				CURRENT_PROJECT_VERSION = 1;
				DEVELOPMENT_TEAM = A8XWAF2UFT;
				ENABLE_PREVIEWS = YES;
				GENERATE_INFOPLIST_FILE = YES;
				INFOPLIST_FILE = iOS/Info.plist;
				INFOPLIST_KEY_UIApplicationSupportsIndirectInputEvents = YES;
				INFOPLIST_KEY_UILaunchScreen_Generation = YES;
				INFOPLIST_KEY_UIRequiresFullScreen = YES;
				INFOPLIST_KEY_UISupportedInterfaceOrientations = "UIInterfaceOrientationPortrait UIInterfaceOrientationLandscapeLeft UIInterfaceOrientationLandscapeRight";
				INFOPLIST_KEY_UISupportedInterfaceOrientations_iPad = "UIInterfaceOrientationPortrait UIInterfaceOrientationPortraitUpsideDown UIInterfaceOrientationLandscapeLeft UIInterfaceOrientationLandscapeRight";
				INFOPLIST_KEY_UISupportedInterfaceOrientations_iPhone = "UIInterfaceOrientationPortrait UIInterfaceOrientationLandscapeLeft UIInterfaceOrientationLandscapeRight";
				IPHONEOS_DEPLOYMENT_TARGET = 15.0;
				LD_RUNPATH_SEARCH_PATHS = (
					"$(inherited)",
					"@executable_path/Frameworks",
				);
				MARKETING_VERSION = 1.0;
				PRODUCT_BUNDLE_IDENTIFIER = com.Arror.Clash;
				PRODUCT_NAME = Clash;
				SDKROOT = iphoneos;
				SWIFT_EMIT_LOC_STRINGS = YES;
				SWIFT_VERSION = 5.0;
				TARGETED_DEVICE_FAMILY = "1,2";
			};
			name = Debug;
		};
		D9B1B4FF27EAF72F007EE597 /* Release */ = {
			isa = XCBuildConfiguration;
			buildSettings = {
				ALWAYS_EMBED_SWIFT_STANDARD_LIBRARIES = YES;
				ASSETCATALOG_COMPILER_APPICON_NAME = AppIcon;
				ASSETCATALOG_COMPILER_GLOBAL_ACCENT_COLOR_NAME = AccentColor;
				CODE_SIGN_ENTITLEMENTS = iOS/iOS.entitlements;
				CODE_SIGN_STYLE = Automatic;
				CURRENT_PROJECT_VERSION = 1;
				DEVELOPMENT_TEAM = A8XWAF2UFT;
				ENABLE_PREVIEWS = YES;
				GENERATE_INFOPLIST_FILE = YES;
				INFOPLIST_FILE = iOS/Info.plist;
				INFOPLIST_KEY_UIApplicationSupportsIndirectInputEvents = YES;
				INFOPLIST_KEY_UILaunchScreen_Generation = YES;
				INFOPLIST_KEY_UIRequiresFullScreen = YES;
				INFOPLIST_KEY_UISupportedInterfaceOrientations = "UIInterfaceOrientationPortrait UIInterfaceOrientationLandscapeLeft UIInterfaceOrientationLandscapeRight";
				INFOPLIST_KEY_UISupportedInterfaceOrientations_iPad = "UIInterfaceOrientationPortrait UIInterfaceOrientationPortraitUpsideDown UIInterfaceOrientationLandscapeLeft UIInterfaceOrientationLandscapeRight";
				INFOPLIST_KEY_UISupportedInterfaceOrientations_iPhone = "UIInterfaceOrientationPortrait UIInterfaceOrientationLandscapeLeft UIInterfaceOrientationLandscapeRight";
				IPHONEOS_DEPLOYMENT_TARGET = 15.0;
				LD_RUNPATH_SEARCH_PATHS = (
					"$(inherited)",
					"@executable_path/Frameworks",
				);
				MARKETING_VERSION = 1.0;
				PRODUCT_BUNDLE_IDENTIFIER = com.Arror.Clash;
				PRODUCT_NAME = Clash;
				SDKROOT = iphoneos;
				SWIFT_EMIT_LOC_STRINGS = YES;
				SWIFT_VERSION = 5.0;
				TARGETED_DEVICE_FAMILY = "1,2";
				VALIDATE_PRODUCT = YES;
			};
			name = Release;
		};
		D9B1B50127EAF72F007EE597 /* Debug */ = {
			isa = XCBuildConfiguration;
			buildSettings = {
				ALWAYS_EMBED_SWIFT_STANDARD_LIBRARIES = YES;
				ASSETCATALOG_COMPILER_APPICON_NAME = AppIcon;
				ASSETCATALOG_COMPILER_GLOBAL_ACCENT_COLOR_NAME = AccentColor;
				CODE_SIGN_ENTITLEMENTS = macOS/macOS.entitlements;
				CODE_SIGN_IDENTITY = "Apple Development";
				CODE_SIGN_STYLE = Automatic;
				COMBINE_HIDPI_IMAGES = YES;
				CURRENT_PROJECT_VERSION = 1;
				DEVELOPMENT_TEAM = A8XWAF2UFT;
				ENABLE_HARDENED_RUNTIME = NO;
				ENABLE_PREVIEWS = YES;
				GENERATE_INFOPLIST_FILE = YES;
				INFOPLIST_FILE = macOS/Info.plist;
				INFOPLIST_KEY_LSApplicationCategoryType = "public.app-category.utilities";
				INFOPLIST_KEY_NSHumanReadableCopyright = "";
				LD_RUNPATH_SEARCH_PATHS = (
					"$(inherited)",
					"@executable_path/../Frameworks",
				);
				MACOSX_DEPLOYMENT_TARGET = 12.0;
				MARKETING_VERSION = 1.0;
				PRODUCT_BUNDLE_IDENTIFIER = com.Arror.Clash;
				PRODUCT_NAME = Clash;
				SDKROOT = macosx;
				SWIFT_EMIT_LOC_STRINGS = YES;
				SWIFT_VERSION = 5.0;
			};
			name = Debug;
		};
		D9B1B50227EAF72F007EE597 /* Release */ = {
			isa = XCBuildConfiguration;
			buildSettings = {
				ALWAYS_EMBED_SWIFT_STANDARD_LIBRARIES = YES;
				ASSETCATALOG_COMPILER_APPICON_NAME = AppIcon;
				ASSETCATALOG_COMPILER_GLOBAL_ACCENT_COLOR_NAME = AccentColor;
				CODE_SIGN_ENTITLEMENTS = macOS/macOS.entitlements;
				CODE_SIGN_IDENTITY = "Apple Development";
				CODE_SIGN_STYLE = Automatic;
				COMBINE_HIDPI_IMAGES = YES;
				CURRENT_PROJECT_VERSION = 1;
				DEVELOPMENT_TEAM = A8XWAF2UFT;
				ENABLE_HARDENED_RUNTIME = NO;
				ENABLE_PREVIEWS = YES;
				GENERATE_INFOPLIST_FILE = YES;
				INFOPLIST_FILE = macOS/Info.plist;
				INFOPLIST_KEY_LSApplicationCategoryType = "public.app-category.utilities";
				INFOPLIST_KEY_NSHumanReadableCopyright = "";
				LD_RUNPATH_SEARCH_PATHS = (
					"$(inherited)",
					"@executable_path/../Frameworks",
				);
				MACOSX_DEPLOYMENT_TARGET = 12.0;
				MARKETING_VERSION = 1.0;
				PRODUCT_BUNDLE_IDENTIFIER = com.Arror.Clash;
				PRODUCT_NAME = Clash;
				SDKROOT = macosx;
				SWIFT_EMIT_LOC_STRINGS = YES;
				SWIFT_VERSION = 5.0;
			};
			name = Release;
		};
		D9B1B53D27EAFC87007EE597 /* Debug */ = {
			isa = XCBuildConfiguration;
			buildSettings = {
				CODE_SIGN_ENTITLEMENTS = "PacketTunnel-iOS/PacketTunnel_iOS.entitlements";
				CODE_SIGN_STYLE = Automatic;
				CURRENT_PROJECT_VERSION = 1;
				DEVELOPMENT_TEAM = A8XWAF2UFT;
				GENERATE_INFOPLIST_FILE = YES;
				INFOPLIST_FILE = "PacketTunnel-iOS/Info.plist";
				INFOPLIST_KEY_CFBundleDisplayName = "PacketTunnel-iOS";
				INFOPLIST_KEY_NSHumanReadableCopyright = "";
				LD_RUNPATH_SEARCH_PATHS = (
					"$(inherited)",
					"@executable_path/Frameworks",
					"@executable_path/../../Frameworks",
				);
				MARKETING_VERSION = 1.0;
				PRODUCT_BUNDLE_IDENTIFIER = com.Arror.Clash.PacketTunnel;
				PRODUCT_NAME = "$(TARGET_NAME)";
				SDKROOT = iphoneos;
				SKIP_INSTALL = YES;
				SWIFT_EMIT_LOC_STRINGS = YES;
				SWIFT_VERSION = 5.0;
				TARGETED_DEVICE_FAMILY = "1,2";
			};
			name = Debug;
		};
		D9B1B53E27EAFC87007EE597 /* Release */ = {
			isa = XCBuildConfiguration;
			buildSettings = {
				CODE_SIGN_ENTITLEMENTS = "PacketTunnel-iOS/PacketTunnel_iOS.entitlements";
				CODE_SIGN_STYLE = Automatic;
				CURRENT_PROJECT_VERSION = 1;
				DEVELOPMENT_TEAM = A8XWAF2UFT;
				GENERATE_INFOPLIST_FILE = YES;
				INFOPLIST_FILE = "PacketTunnel-iOS/Info.plist";
				INFOPLIST_KEY_CFBundleDisplayName = "PacketTunnel-iOS";
				INFOPLIST_KEY_NSHumanReadableCopyright = "";
				LD_RUNPATH_SEARCH_PATHS = (
					"$(inherited)",
					"@executable_path/Frameworks",
					"@executable_path/../../Frameworks",
				);
				MARKETING_VERSION = 1.0;
				PRODUCT_BUNDLE_IDENTIFIER = com.Arror.Clash.PacketTunnel;
				PRODUCT_NAME = "$(TARGET_NAME)";
				SDKROOT = iphoneos;
				SKIP_INSTALL = YES;
				SWIFT_EMIT_LOC_STRINGS = YES;
				SWIFT_VERSION = 5.0;
				TARGETED_DEVICE_FAMILY = "1,2";
				VALIDATE_PRODUCT = YES;
			};
			name = Release;
		};
		D9B1B54E27EAFC9D007EE597 /* Debug */ = {
			isa = XCBuildConfiguration;
			buildSettings = {
				CODE_SIGN_ENTITLEMENTS = "PacketTunnel-macOS/PacketTunnel_macOS.entitlements";
				CODE_SIGN_IDENTITY = "Apple Development";
				CODE_SIGN_STYLE = Automatic;
				CURRENT_PROJECT_VERSION = 1;
				DEVELOPMENT_TEAM = A8XWAF2UFT;
				ENABLE_HARDENED_RUNTIME = NO;
				GENERATE_INFOPLIST_FILE = YES;
				INFOPLIST_FILE = "PacketTunnel-macOS/Info.plist";
				INFOPLIST_KEY_CFBundleDisplayName = "PacketTunnel-macOS";
				INFOPLIST_KEY_NSHumanReadableCopyright = "";
				LD_RUNPATH_SEARCH_PATHS = (
					"$(inherited)",
					"@executable_path/../Frameworks",
					"@executable_path/../../../../Frameworks",
				);
				MACOSX_DEPLOYMENT_TARGET = 12.0;
				MARKETING_VERSION = 1.0;
				PRODUCT_BUNDLE_IDENTIFIER = com.Arror.Clash.PacketTunnel;
				PRODUCT_NAME = "$(TARGET_NAME)";
				SDKROOT = macosx;
				SKIP_INSTALL = YES;
				SWIFT_EMIT_LOC_STRINGS = YES;
				SWIFT_VERSION = 5.0;
			};
			name = Debug;
		};
		D9B1B54F27EAFC9D007EE597 /* Release */ = {
			isa = XCBuildConfiguration;
			buildSettings = {
				CODE_SIGN_ENTITLEMENTS = "PacketTunnel-macOS/PacketTunnel_macOS.entitlements";
				CODE_SIGN_IDENTITY = "Apple Development";
				CODE_SIGN_STYLE = Automatic;
				CURRENT_PROJECT_VERSION = 1;
				DEVELOPMENT_TEAM = A8XWAF2UFT;
				ENABLE_HARDENED_RUNTIME = NO;
				GENERATE_INFOPLIST_FILE = YES;
				INFOPLIST_FILE = "PacketTunnel-macOS/Info.plist";
				INFOPLIST_KEY_CFBundleDisplayName = "PacketTunnel-macOS";
				INFOPLIST_KEY_NSHumanReadableCopyright = "";
				LD_RUNPATH_SEARCH_PATHS = (
					"$(inherited)",
					"@executable_path/../Frameworks",
					"@executable_path/../../../../Frameworks",
				);
				MACOSX_DEPLOYMENT_TARGET = 12.0;
				MARKETING_VERSION = 1.0;
				PRODUCT_BUNDLE_IDENTIFIER = com.Arror.Clash.PacketTunnel;
				PRODUCT_NAME = "$(TARGET_NAME)";
				SDKROOT = macosx;
				SKIP_INSTALL = YES;
				SWIFT_EMIT_LOC_STRINGS = YES;
				SWIFT_VERSION = 5.0;
			};
			name = Release;
		};
/* End XCBuildConfiguration section */

/* Begin XCConfigurationList section */
		D9B1B4E327EAF72B007EE597 /* Build configuration list for PBXProject "Clash" */ = {
			isa = XCConfigurationList;
			buildConfigurations = (
				D9B1B4FB27EAF72F007EE597 /* Debug */,
				D9B1B4FC27EAF72F007EE597 /* Release */,
			);
			defaultConfigurationIsVisible = 0;
			defaultConfigurationName = Release;
		};
		D9B1B4FD27EAF72F007EE597 /* Build configuration list for PBXNativeTarget "Clash (iOS)" */ = {
			isa = XCConfigurationList;
			buildConfigurations = (
				D9B1B4FE27EAF72F007EE597 /* Debug */,
				D9B1B4FF27EAF72F007EE597 /* Release */,
			);
			defaultConfigurationIsVisible = 0;
			defaultConfigurationName = Release;
		};
		D9B1B50027EAF72F007EE597 /* Build configuration list for PBXNativeTarget "Clash (macOS)" */ = {
			isa = XCConfigurationList;
			buildConfigurations = (
				D9B1B50127EAF72F007EE597 /* Debug */,
				D9B1B50227EAF72F007EE597 /* Release */,
			);
			defaultConfigurationIsVisible = 0;
			defaultConfigurationName = Release;
		};
		D9B1B53C27EAFC87007EE597 /* Build configuration list for PBXNativeTarget "PacketTunnel-iOS" */ = {
			isa = XCConfigurationList;
			buildConfigurations = (
				D9B1B53D27EAFC87007EE597 /* Debug */,
				D9B1B53E27EAFC87007EE597 /* Release */,
			);
			defaultConfigurationIsVisible = 0;
			defaultConfigurationName = Release;
		};
		D9B1B54D27EAFC9D007EE597 /* Build configuration list for PBXNativeTarget "PacketTunnel-macOS" */ = {
			isa = XCConfigurationList;
			buildConfigurations = (
				D9B1B54E27EAFC9D007EE597 /* Debug */,
				D9B1B54F27EAFC9D007EE597 /* Release */,
			);
			defaultConfigurationIsVisible = 0;
			defaultConfigurationName = Release;
		};
/* End XCConfigurationList section */

/* Begin XCRemoteSwiftPackageReference section */
		D99E3A9B27EB0CFE00464266 /* XCRemoteSwiftPackageReference "ClashKit" */ = {
			isa = XCRemoteSwiftPackageReference;
			repositoryURL = "https://github.com/AppleClash/ClashKit.git";
			requirement = {
				kind = exactVersion;
				version = 2.10.0;
			};
		};
		D9C3E955280EBE8800D6CFF9 /* XCRemoteSwiftPackageReference "T2SKit" */ = {
			isa = XCRemoteSwiftPackageReference;
			repositoryURL = "https://github.com/AppleClash/T2SKit.git";
			requirement = {
				kind = exactVersion;
				version = 1.2.0;
			};
		};
/* End XCRemoteSwiftPackageReference section */

/* Begin XCSwiftPackageProductDependency section */
		D99E3A9C27EB0CFE00464266 /* ClashKit */ = {
			isa = XCSwiftPackageProductDependency;
			package = D99E3A9B27EB0CFE00464266 /* XCRemoteSwiftPackageReference "ClashKit" */;
			productName = ClashKit;
		};
		D99E3A9E27EB0D0D00464266 /* ClashKit */ = {
			isa = XCSwiftPackageProductDependency;
			package = D99E3A9B27EB0CFE00464266 /* XCRemoteSwiftPackageReference "ClashKit" */;
			productName = ClashKit;
		};
		D9C3E958280EBEA200D6CFF9 /* T2SKit */ = {
			isa = XCSwiftPackageProductDependency;
			package = D9C3E955280EBE8800D6CFF9 /* XCRemoteSwiftPackageReference "T2SKit" */;
			productName = T2SKit;
		};
		D9C3E95A280EBEA800D6CFF9 /* T2SKit */ = {
			isa = XCSwiftPackageProductDependency;
			package = D9C3E955280EBE8800D6CFF9 /* XCRemoteSwiftPackageReference "T2SKit" */;
			productName = T2SKit;
		};
/* End XCSwiftPackageProductDependency section */

/* Begin XCVersionGroup section */
		D99E3AFC27EB10E700464266 /* Clash.xcdatamodeld */ = {
			isa = XCVersionGroup;
			children = (
				D99E3AFD27EB10E700464266 /* Clash.xcdatamodel */,
			);
			currentVersion = D99E3AFD27EB10E700464266 /* Clash.xcdatamodel */;
			path = Clash.xcdatamodeld;
			sourceTree = "<group>";
			versionGroupType = wrapper.xcdatamodel;
		};
/* End XCVersionGroup section */
	};
	rootObject = D9B1B4E027EAF72B007EE597 /* Project object */;
}
